// !$*UTF8*$!
{
	archiveVersion = 1;
	classes = {
	};
	objectVersion = 56;
	objects = {

/* Begin PBXBuildFile section */
		6C6529942D3F534200D434D3 /* PinterestContent.swift in Sources */ = {isa = PBXBuildFile; fileRef = 6C6529932D3F534200D434D3 /* PinterestContent.swift */; };
		6C6529962D3F53CB00D434D3 /* PinterestImageView.swift in Sources */ = {isa = PBXBuildFile; fileRef = 6C6529952D3F53CB00D434D3 /* PinterestImageView.swift */; };
		6C6529982D3F53EF00D434D3 /* PinterestDetailView.swift in Sources */ = {isa = PBXBuildFile; fileRef = 6C6529972D3F53EF00D434D3 /* PinterestDetailView.swift */; };
		6C65299A2D3F543F00D434D3 /* PinterestHomeView.swift in Sources */ = {isa = PBXBuildFile; fileRef = 6C6529992D3F543F00D434D3 /* PinterestHomeView.swift */; };
		6C65299C2D3F549800D434D3 /* PinterestApp.swift in Sources */ = {isa = PBXBuildFile; fileRef = 6C65299B2D3F549800D434D3 /* PinterestApp.swift */; };
		6C65299F2D3F559E00D434D3 /* ScrollParallaxHome.swift in Sources */ = {isa = PBXBuildFile; fileRef = 6C65299E2D3F559E00D434D3 /* ScrollParallaxHome.swift */; };
		6C6529A12D3F563600D434D3 /* ScrollParallaxApp.swift in Sources */ = {isa = PBXBuildFile; fileRef = 6C6529A02D3F563600D434D3 /* ScrollParallaxApp.swift */; };
		6C6529A52D3F575300D434D3 /* Enums+Theme.swift in Sources */ = {isa = PBXBuildFile; fileRef = 6C6529A42D3F575300D434D3 /* Enums+Theme.swift */; };
		6C6529A82D3F579600D434D3 /* ThemeChangeView.swift in Sources */ = {isa = PBXBuildFile; fileRef = 6C6529A72D3F579600D434D3 /* ThemeChangeView.swift */; };
		6C6529AA2D3F57CE00D434D3 /* ThemeChangeApp.swift in Sources */ = {isa = PBXBuildFile; fileRef = 6C6529A92D3F57CE00D434D3 /* ThemeChangeApp.swift */; };
		6C6529AD2D3FA45E00D434D3 /* BasicAnimationView.swift in Sources */ = {isa = PBXBuildFile; fileRef = 6C6529AC2D3FA45E00D434D3 /* BasicAnimationView.swift */; };
		6C6529B02D3FA6A800D434D3 /* CardAnimationView.swift in Sources */ = {isa = PBXBuildFile; fileRef = 6C6529AF2D3FA6A800D434D3 /* CardAnimationView.swift */; };
		6C8F2EA02D390F800012850C /* ExpandTabbarHome.swift in Sources */ = {isa = PBXBuildFile; fileRef = 6C8F2E9F2D390F800012850C /* ExpandTabbarHome.swift */; };
		6C8F2EA22D3910330012850C /* ExpandTabbar.swift in Sources */ = {isa = PBXBuildFile; fileRef = 6C8F2EA12D3910330012850C /* ExpandTabbar.swift */; };
		6CA6D57D2D3E4E9D00B92C02 /* View+Extension.swift in Sources */ = {isa = PBXBuildFile; fileRef = 6CA6D57C2D3E4E9D00B92C02 /* View+Extension.swift */; };
		6CA6D5802D3E4EC400B92C02 /* CoverFlowItem.swift in Sources */ = {isa = PBXBuildFile; fileRef = 6CA6D57F2D3E4EC400B92C02 /* CoverFlowItem.swift */; };
		6CA6D5832D3E4EF000B92C02 /* CoverFlowView.swift in Sources */ = {isa = PBXBuildFile; fileRef = 6CA6D5822D3E4EF000B92C02 /* CoverFlowView.swift */; };
		6CA6D5852D3E4F2600B92C02 /* CoverFlowViewHome.swift in Sources */ = {isa = PBXBuildFile; fileRef = 6CA6D5842D3E4F2600B92C02 /* CoverFlowViewHome.swift */; };
		6CA6D5892D3E513400B92C02 /* PageIndicator.swift in Sources */ = {isa = PBXBuildFile; fileRef = 6CA6D5882D3E513400B92C02 /* PageIndicator.swift */; };
		6CA6D58B2D3E515900B92C02 /* PageIndicatorHome.swift in Sources */ = {isa = PBXBuildFile; fileRef = 6CA6D58A2D3E515900B92C02 /* PageIndicatorHome.swift */; };
		6CA6D58F2D3E533700B92C02 /* Transaction.swift in Sources */ = {isa = PBXBuildFile; fileRef = 6CA6D58E2D3E533700B92C02 /* Transaction.swift */; };
		6CA6D5922D3E537900B92C02 /* TransactionHome.swift in Sources */ = {isa = PBXBuildFile; fileRef = 6CA6D5912D3E537900B92C02 /* TransactionHome.swift */; };
		6CA6D5952D3E558300B92C02 /* ToastRootView.swift in Sources */ = {isa = PBXBuildFile; fileRef = 6CA6D5942D3E558300B92C02 /* ToastRootView.swift */; };
		6CA6D5972D3E560200B92C02 /* Toast.swift in Sources */ = {isa = PBXBuildFile; fileRef = 6CA6D5962D3E560200B92C02 /* Toast.swift */; };
		6CA6D5992D3E563000B92C02 /* ToastHome.swift in Sources */ = {isa = PBXBuildFile; fileRef = 6CA6D5982D3E563000B92C02 /* ToastHome.swift */; };
		6CA6D59C2D3E582200B92C02 /* DateTextField.swift in Sources */ = {isa = PBXBuildFile; fileRef = 6CA6D59B2D3E582200B92C02 /* DateTextField.swift */; };
		6CA6D59E2D3E584700B92C02 /* DateTextFieldHome.swift in Sources */ = {isa = PBXBuildFile; fileRef = 6CA6D59D2D3E584700B92C02 /* DateTextFieldHome.swift */; };
		6CA6D5A42D3E5AB100B92C02 /* View+Photo.swift in Sources */ = {isa = PBXBuildFile; fileRef = 6CA6D5A32D3E5AB100B92C02 /* View+Photo.swift */; };
		6CA6D5A92D3E5B3900B92C02 /* PhotoViewFrame.swift in Sources */ = {isa = PBXBuildFile; fileRef = 6CA6D5A82D3E5B3900B92C02 /* PhotoViewFrame.swift */; };
		6CA6D5AB2D3E5B6200B92C02 /* PhotoHeroKey.swift in Sources */ = {isa = PBXBuildFile; fileRef = 6CA6D5AA2D3E5B6200B92C02 /* PhotoHeroKey.swift */; };
		6CA6D5AD2D3E5B9B00B92C02 /* PhotoFrameKey.swift in Sources */ = {isa = PBXBuildFile; fileRef = 6CA6D5AC2D3E5B9B00B92C02 /* PhotoFrameKey.swift */; };
		6CA6D5B02D3E5CEA00B92C02 /* PhotoItem.swift in Sources */ = {isa = PBXBuildFile; fileRef = 6CA6D5AF2D3E5CEA00B92C02 /* PhotoItem.swift */; };
		6CA6D5B22D3E5D2100B92C02 /* PhotoCoordinator.swift in Sources */ = {isa = PBXBuildFile; fileRef = 6CA6D5B12D3E5D2100B92C02 /* PhotoCoordinator.swift */; };
		6CA6D5B52D3F47D500B92C02 /* PhotoHeroLayer.swift in Sources */ = {isa = PBXBuildFile; fileRef = 6CA6D5B42D3F47D500B92C02 /* PhotoHeroLayer.swift */; };
		6CA6D5B72D3F482200B92C02 /* PhotoDetailView.swift in Sources */ = {isa = PBXBuildFile; fileRef = 6CA6D5B62D3F482200B92C02 /* PhotoDetailView.swift */; };
		6CA6D5B92D3F490D00B92C02 /* PhotoHomeView.swift in Sources */ = {isa = PBXBuildFile; fileRef = 6CA6D5B82D3F490D00B92C02 /* PhotoHomeView.swift */; };
		6CA6D5BB2D3F49B300B92C02 /* PhotoApp.swift in Sources */ = {isa = PBXBuildFile; fileRef = 6CA6D5BA2D3F49B300B92C02 /* PhotoApp.swift */; };
		6CA6D5BF2D3F4D7D00B92C02 /* View+Pinterest.swift in Sources */ = {isa = PBXBuildFile; fileRef = 6CA6D5BE2D3F4D7D00B92C02 /* View+Pinterest.swift */; };
		6CA6D5C32D3F4F9E00B92C02 /* PinterestItem.swift in Sources */ = {isa = PBXBuildFile; fileRef = 6CA6D5C22D3F4F9E00B92C02 /* PinterestItem.swift */; };
		6CA6D5C52D3F519400B92C02 /* PinterestCoordinator.swift in Sources */ = {isa = PBXBuildFile; fileRef = 6CA6D5C42D3F519400B92C02 /* PinterestCoordinator.swift */; };
		6CAC5C412D389E9B0097FB4D /* SwiftUI_TutorialsApp.swift in Sources */ = {isa = PBXBuildFile; fileRef = 6CAC5C402D389E9B0097FB4D /* SwiftUI_TutorialsApp.swift */; };
		6CAC5C432D389E9B0097FB4D /* ContentView.swift in Sources */ = {isa = PBXBuildFile; fileRef = 6CAC5C422D389E9B0097FB4D /* ContentView.swift */; };
		6CAC5C452D389E9F0097FB4D /* Assets.xcassets in Resources */ = {isa = PBXBuildFile; fileRef = 6CAC5C442D389E9F0097FB4D /* Assets.xcassets */; };
		6CAC5C492D389E9F0097FB4D /* Preview Assets.xcassets in Resources */ = {isa = PBXBuildFile; fileRef = 6CAC5C482D389E9F0097FB4D /* Preview Assets.xcassets */; };
		6CAC5C532D389E9F0097FB4D /* SwiftUI_TutorialsTests.swift in Sources */ = {isa = PBXBuildFile; fileRef = 6CAC5C522D389E9F0097FB4D /* SwiftUI_TutorialsTests.swift */; };
		6CAC5C5D2D389E9F0097FB4D /* SwiftUI_TutorialsUITests.swift in Sources */ = {isa = PBXBuildFile; fileRef = 6CAC5C5C2D389E9F0097FB4D /* SwiftUI_TutorialsUITests.swift */; };
		6CAC5C5F2D389E9F0097FB4D /* SwiftUI_TutorialsUITestsLaunchTests.swift in Sources */ = {isa = PBXBuildFile; fileRef = 6CAC5C5E2D389E9F0097FB4D /* SwiftUI_TutorialsUITestsLaunchTests.swift */; };
		6CAC5C6D2D389F7F0097FB4D /* SpotifyAlbum.swift in Sources */ = {isa = PBXBuildFile; fileRef = 6CAC5C6C2D389F7F0097FB4D /* SpotifyAlbum.swift */; };
		6CAC5C6F2D389F9D0097FB4D /* SpotifyHome.swift in Sources */ = {isa = PBXBuildFile; fileRef = 6CAC5C6E2D389F9D0097FB4D /* SpotifyHome.swift */; };
		6CAC5C722D38BCA80097FB4D /* ParallaxScrollViewHome.swift in Sources */ = {isa = PBXBuildFile; fileRef = 6CAC5C712D38BCA80097FB4D /* ParallaxScrollViewHome.swift */; };
/* End PBXBuildFile section */

/* Begin PBXContainerItemProxy section */
		6CAC5C4F2D389E9F0097FB4D /* PBXContainerItemProxy */ = {
			isa = PBXContainerItemProxy;
			containerPortal = 6CAC5C352D389E9B0097FB4D /* Project object */;
			proxyType = 1;
			remoteGlobalIDString = 6CAC5C3C2D389E9B0097FB4D;
			remoteInfo = "SwiftUI-Tutorials";
		};
		6CAC5C592D389E9F0097FB4D /* PBXContainerItemProxy */ = {
			isa = PBXContainerItemProxy;
			containerPortal = 6CAC5C352D389E9B0097FB4D /* Project object */;
			proxyType = 1;
			remoteGlobalIDString = 6CAC5C3C2D389E9B0097FB4D;
			remoteInfo = "SwiftUI-Tutorials";
		};
/* End PBXContainerItemProxy section */

/* Begin PBXFileReference section */
		6C6529932D3F534200D434D3 /* PinterestContent.swift */ = {isa = PBXFileReference; lastKnownFileType = sourcecode.swift; path = PinterestContent.swift; sourceTree = "<group>"; };
		6C6529952D3F53CB00D434D3 /* PinterestImageView.swift */ = {isa = PBXFileReference; lastKnownFileType = sourcecode.swift; path = PinterestImageView.swift; sourceTree = "<group>"; };
		6C6529972D3F53EF00D434D3 /* PinterestDetailView.swift */ = {isa = PBXFileReference; lastKnownFileType = sourcecode.swift; path = PinterestDetailView.swift; sourceTree = "<group>"; };
		6C6529992D3F543F00D434D3 /* PinterestHomeView.swift */ = {isa = PBXFileReference; lastKnownFileType = sourcecode.swift; path = PinterestHomeView.swift; sourceTree = "<group>"; };
		6C65299B2D3F549800D434D3 /* PinterestApp.swift */ = {isa = PBXFileReference; lastKnownFileType = sourcecode.swift; path = PinterestApp.swift; sourceTree = "<group>"; };
		6C65299E2D3F559E00D434D3 /* ScrollParallaxHome.swift */ = {isa = PBXFileReference; lastKnownFileType = sourcecode.swift; path = ScrollParallaxHome.swift; sourceTree = "<group>"; };
		6C6529A02D3F563600D434D3 /* ScrollParallaxApp.swift */ = {isa = PBXFileReference; lastKnownFileType = sourcecode.swift; path = ScrollParallaxApp.swift; sourceTree = "<group>"; };
		6C6529A42D3F575300D434D3 /* Enums+Theme.swift */ = {isa = PBXFileReference; lastKnownFileType = sourcecode.swift; path = "Enums+Theme.swift"; sourceTree = "<group>"; };
		6C6529A72D3F579600D434D3 /* ThemeChangeView.swift */ = {isa = PBXFileReference; lastKnownFileType = sourcecode.swift; path = ThemeChangeView.swift; sourceTree = "<group>"; };
		6C6529A92D3F57CE00D434D3 /* ThemeChangeApp.swift */ = {isa = PBXFileReference; lastKnownFileType = sourcecode.swift; path = ThemeChangeApp.swift; sourceTree = "<group>"; };
		6C6529AC2D3FA45E00D434D3 /* BasicAnimationView.swift */ = {isa = PBXFileReference; lastKnownFileType = sourcecode.swift; path = BasicAnimationView.swift; sourceTree = "<group>"; };
		6C6529AF2D3FA6A800D434D3 /* CardAnimationView.swift */ = {isa = PBXFileReference; lastKnownFileType = sourcecode.swift; path = CardAnimationView.swift; sourceTree = "<group>"; };
		6C8F2E9F2D390F800012850C /* ExpandTabbarHome.swift */ = {isa = PBXFileReference; lastKnownFileType = sourcecode.swift; path = ExpandTabbarHome.swift; sourceTree = "<group>"; };
		6C8F2EA12D3910330012850C /* ExpandTabbar.swift */ = {isa = PBXFileReference; lastKnownFileType = sourcecode.swift; path = ExpandTabbar.swift; sourceTree = "<group>"; };
		6CA6D57C2D3E4E9D00B92C02 /* View+Extension.swift */ = {isa = PBXFileReference; lastKnownFileType = sourcecode.swift; path = "View+Extension.swift"; sourceTree = "<group>"; };
		6CA6D57F2D3E4EC400B92C02 /* CoverFlowItem.swift */ = {isa = PBXFileReference; lastKnownFileType = sourcecode.swift; path = CoverFlowItem.swift; sourceTree = "<group>"; };
		6CA6D5822D3E4EF000B92C02 /* CoverFlowView.swift */ = {isa = PBXFileReference; lastKnownFileType = sourcecode.swift; path = CoverFlowView.swift; sourceTree = "<group>"; };
		6CA6D5842D3E4F2600B92C02 /* CoverFlowViewHome.swift */ = {isa = PBXFileReference; lastKnownFileType = sourcecode.swift; path = CoverFlowViewHome.swift; sourceTree = "<group>"; };
		6CA6D5882D3E513400B92C02 /* PageIndicator.swift */ = {isa = PBXFileReference; lastKnownFileType = sourcecode.swift; path = PageIndicator.swift; sourceTree = "<group>"; };
		6CA6D58A2D3E515900B92C02 /* PageIndicatorHome.swift */ = {isa = PBXFileReference; lastKnownFileType = sourcecode.swift; path = PageIndicatorHome.swift; sourceTree = "<group>"; };
		6CA6D58E2D3E533700B92C02 /* Transaction.swift */ = {isa = PBXFileReference; lastKnownFileType = sourcecode.swift; path = Transaction.swift; sourceTree = "<group>"; };
		6CA6D5912D3E537900B92C02 /* TransactionHome.swift */ = {isa = PBXFileReference; lastKnownFileType = sourcecode.swift; path = TransactionHome.swift; sourceTree = "<group>"; };
		6CA6D5942D3E558300B92C02 /* ToastRootView.swift */ = {isa = PBXFileReference; lastKnownFileType = sourcecode.swift; path = ToastRootView.swift; sourceTree = "<group>"; };
		6CA6D5962D3E560200B92C02 /* Toast.swift */ = {isa = PBXFileReference; lastKnownFileType = sourcecode.swift; path = Toast.swift; sourceTree = "<group>"; };
		6CA6D5982D3E563000B92C02 /* ToastHome.swift */ = {isa = PBXFileReference; lastKnownFileType = sourcecode.swift; path = ToastHome.swift; sourceTree = "<group>"; };
		6CA6D59B2D3E582200B92C02 /* DateTextField.swift */ = {isa = PBXFileReference; lastKnownFileType = sourcecode.swift; path = DateTextField.swift; sourceTree = "<group>"; };
		6CA6D59D2D3E584700B92C02 /* DateTextFieldHome.swift */ = {isa = PBXFileReference; lastKnownFileType = sourcecode.swift; path = DateTextFieldHome.swift; sourceTree = "<group>"; };
		6CA6D5A32D3E5AB100B92C02 /* View+Photo.swift */ = {isa = PBXFileReference; lastKnownFileType = sourcecode.swift; path = "View+Photo.swift"; sourceTree = "<group>"; };
		6CA6D5A82D3E5B3900B92C02 /* PhotoViewFrame.swift */ = {isa = PBXFileReference; lastKnownFileType = sourcecode.swift; path = PhotoViewFrame.swift; sourceTree = "<group>"; };
		6CA6D5AA2D3E5B6200B92C02 /* PhotoHeroKey.swift */ = {isa = PBXFileReference; lastKnownFileType = sourcecode.swift; path = PhotoHeroKey.swift; sourceTree = "<group>"; };
		6CA6D5AC2D3E5B9B00B92C02 /* PhotoFrameKey.swift */ = {isa = PBXFileReference; lastKnownFileType = sourcecode.swift; path = PhotoFrameKey.swift; sourceTree = "<group>"; };
		6CA6D5AF2D3E5CEA00B92C02 /* PhotoItem.swift */ = {isa = PBXFileReference; lastKnownFileType = sourcecode.swift; path = PhotoItem.swift; sourceTree = "<group>"; };
		6CA6D5B12D3E5D2100B92C02 /* PhotoCoordinator.swift */ = {isa = PBXFileReference; lastKnownFileType = sourcecode.swift; path = PhotoCoordinator.swift; sourceTree = "<group>"; };
		6CA6D5B42D3F47D500B92C02 /* PhotoHeroLayer.swift */ = {isa = PBXFileReference; lastKnownFileType = sourcecode.swift; path = PhotoHeroLayer.swift; sourceTree = "<group>"; };
		6CA6D5B62D3F482200B92C02 /* PhotoDetailView.swift */ = {isa = PBXFileReference; lastKnownFileType = sourcecode.swift; path = PhotoDetailView.swift; sourceTree = "<group>"; };
		6CA6D5B82D3F490D00B92C02 /* PhotoHomeView.swift */ = {isa = PBXFileReference; lastKnownFileType = sourcecode.swift; path = PhotoHomeView.swift; sourceTree = "<group>"; };
		6CA6D5BA2D3F49B300B92C02 /* PhotoApp.swift */ = {isa = PBXFileReference; lastKnownFileType = sourcecode.swift; path = PhotoApp.swift; sourceTree = "<group>"; };
		6CA6D5BE2D3F4D7D00B92C02 /* View+Pinterest.swift */ = {isa = PBXFileReference; lastKnownFileType = sourcecode.swift; path = "View+Pinterest.swift"; sourceTree = "<group>"; };
		6CA6D5C22D3F4F9E00B92C02 /* PinterestItem.swift */ = {isa = PBXFileReference; lastKnownFileType = sourcecode.swift; path = PinterestItem.swift; sourceTree = "<group>"; };
		6CA6D5C42D3F519400B92C02 /* PinterestCoordinator.swift */ = {isa = PBXFileReference; lastKnownFileType = sourcecode.swift; path = PinterestCoordinator.swift; sourceTree = "<group>"; };
		6CAC5C3D2D389E9B0097FB4D /* SwiftUI-Tutorials.app */ = {isa = PBXFileReference; explicitFileType = wrapper.application; includeInIndex = 0; path = "SwiftUI-Tutorials.app"; sourceTree = BUILT_PRODUCTS_DIR; };
		6CAC5C402D389E9B0097FB4D /* SwiftUI_TutorialsApp.swift */ = {isa = PBXFileReference; lastKnownFileType = sourcecode.swift; path = SwiftUI_TutorialsApp.swift; sourceTree = "<group>"; };
		6CAC5C422D389E9B0097FB4D /* ContentView.swift */ = {isa = PBXFileReference; lastKnownFileType = sourcecode.swift; path = ContentView.swift; sourceTree = "<group>"; };
		6CAC5C442D389E9F0097FB4D /* Assets.xcassets */ = {isa = PBXFileReference; lastKnownFileType = folder.assetcatalog; path = Assets.xcassets; sourceTree = "<group>"; };
		6CAC5C462D389E9F0097FB4D /* SwiftUI_Tutorials.entitlements */ = {isa = PBXFileReference; lastKnownFileType = text.plist.entitlements; path = SwiftUI_Tutorials.entitlements; sourceTree = "<group>"; };
		6CAC5C482D389E9F0097FB4D /* Preview Assets.xcassets */ = {isa = PBXFileReference; lastKnownFileType = folder.assetcatalog; path = "Preview Assets.xcassets"; sourceTree = "<group>"; };
		6CAC5C4E2D389E9F0097FB4D /* SwiftUI-TutorialsTests.xctest */ = {isa = PBXFileReference; explicitFileType = wrapper.cfbundle; includeInIndex = 0; path = "SwiftUI-TutorialsTests.xctest"; sourceTree = BUILT_PRODUCTS_DIR; };
		6CAC5C522D389E9F0097FB4D /* SwiftUI_TutorialsTests.swift */ = {isa = PBXFileReference; lastKnownFileType = sourcecode.swift; path = SwiftUI_TutorialsTests.swift; sourceTree = "<group>"; };
		6CAC5C582D389E9F0097FB4D /* SwiftUI-TutorialsUITests.xctest */ = {isa = PBXFileReference; explicitFileType = wrapper.cfbundle; includeInIndex = 0; path = "SwiftUI-TutorialsUITests.xctest"; sourceTree = BUILT_PRODUCTS_DIR; };
		6CAC5C5C2D389E9F0097FB4D /* SwiftUI_TutorialsUITests.swift */ = {isa = PBXFileReference; lastKnownFileType = sourcecode.swift; path = SwiftUI_TutorialsUITests.swift; sourceTree = "<group>"; };
		6CAC5C5E2D389E9F0097FB4D /* SwiftUI_TutorialsUITestsLaunchTests.swift */ = {isa = PBXFileReference; lastKnownFileType = sourcecode.swift; path = SwiftUI_TutorialsUITestsLaunchTests.swift; sourceTree = "<group>"; };
		6CAC5C6C2D389F7F0097FB4D /* SpotifyAlbum.swift */ = {isa = PBXFileReference; lastKnownFileType = sourcecode.swift; path = SpotifyAlbum.swift; sourceTree = "<group>"; };
		6CAC5C6E2D389F9D0097FB4D /* SpotifyHome.swift */ = {isa = PBXFileReference; lastKnownFileType = sourcecode.swift; path = SpotifyHome.swift; sourceTree = "<group>"; };
		6CAC5C712D38BCA80097FB4D /* ParallaxScrollViewHome.swift */ = {isa = PBXFileReference; lastKnownFileType = sourcecode.swift; path = ParallaxScrollViewHome.swift; sourceTree = "<group>"; };
/* End PBXFileReference section */

/* Begin PBXFrameworksBuildPhase section */
		6CAC5C3A2D389E9B0097FB4D /* Frameworks */ = {
			isa = PBXFrameworksBuildPhase;
			buildActionMask = 2147483647;
			files = (
			);
			runOnlyForDeploymentPostprocessing = 0;
		};
		6CAC5C4B2D389E9F0097FB4D /* Frameworks */ = {
			isa = PBXFrameworksBuildPhase;
			buildActionMask = 2147483647;
			files = (
			);
			runOnlyForDeploymentPostprocessing = 0;
		};
		6CAC5C552D389E9F0097FB4D /* Frameworks */ = {
			isa = PBXFrameworksBuildPhase;
			buildActionMask = 2147483647;
			files = (
			);
			runOnlyForDeploymentPostprocessing = 0;
		};
/* End PBXFrameworksBuildPhase section */

/* Begin PBXGroup section */
		6C6529922D3F533A00D434D3 /* Views */ = {
			isa = PBXGroup;
			children = (
				6C6529932D3F534200D434D3 /* PinterestContent.swift */,
				6C6529952D3F53CB00D434D3 /* PinterestImageView.swift */,
				6C6529972D3F53EF00D434D3 /* PinterestDetailView.swift */,
				6C6529992D3F543F00D434D3 /* PinterestHomeView.swift */,
				6C65299B2D3F549800D434D3 /* PinterestApp.swift */,
			);
			path = Views;
			sourceTree = "<group>";
		};
		6C65299D2D3F558000D434D3 /* Scroll Parallax */ = {
			isa = PBXGroup;
			children = (
				6C65299E2D3F559E00D434D3 /* ScrollParallaxHome.swift */,
				6C6529A02D3F563600D434D3 /* ScrollParallaxApp.swift */,
			);
			path = "Scroll Parallax";
			sourceTree = "<group>";
		};
		6C6529A22D3F572B00D434D3 /* Theme Changes */ = {
			isa = PBXGroup;
			children = (
				6C6529A62D3F578900D434D3 /* Views */,
				6C6529A32D3F573600D434D3 /* Enums */,
			);
			path = "Theme Changes";
			sourceTree = "<group>";
		};
		6C6529A32D3F573600D434D3 /* Enums */ = {
			isa = PBXGroup;
			children = (
				6C6529A42D3F575300D434D3 /* Enums+Theme.swift */,
			);
			path = Enums;
			sourceTree = "<group>";
		};
		6C6529A62D3F578900D434D3 /* Views */ = {
			isa = PBXGroup;
			children = (
				6C6529A72D3F579600D434D3 /* ThemeChangeView.swift */,
				6C6529A92D3F57CE00D434D3 /* ThemeChangeApp.swift */,
			);
			path = Views;
			sourceTree = "<group>";
		};
		6C6529AB2D3FA44500D434D3 /* SwiftUI-BasicAnimation */ = {
			isa = PBXGroup;
			children = (
				6C6529AC2D3FA45E00D434D3 /* BasicAnimationView.swift */,
			);
			path = "SwiftUI-BasicAnimation";
			sourceTree = "<group>";
		};
		6C6529AE2D3FA5CF00D434D3 /* SwiftUI-CardAnimation */ = {
			isa = PBXGroup;
			children = (
				6C6529AF2D3FA6A800D434D3 /* CardAnimationView.swift */,
			);
			path = "SwiftUI-CardAnimation";
			sourceTree = "<group>";
		};
		6C8F2E9E2D390F680012850C /* ExpandTabbar */ = {
			isa = PBXGroup;
			children = (
				6C8F2E9F2D390F800012850C /* ExpandTabbarHome.swift */,
				6C8F2EA12D3910330012850C /* ExpandTabbar.swift */,
			);
			path = ExpandTabbar;
			sourceTree = "<group>";
		};
		6CA6D57A2D3E4E7D00B92C02 /* CoverFlowView */ = {
			isa = PBXGroup;
			children = (
				6CA6D5812D3E4EE100B92C02 /* Views */,
				6CA6D57E2D3E4EB900B92C02 /* Model */,
				6CA6D57B2D3E4E8900B92C02 /* Extension */,
			);
			path = CoverFlowView;
			sourceTree = "<group>";
		};
		6CA6D57B2D3E4E8900B92C02 /* Extension */ = {
			isa = PBXGroup;
			children = (
				6CA6D57C2D3E4E9D00B92C02 /* View+Extension.swift */,
			);
			path = Extension;
			sourceTree = "<group>";
		};
		6CA6D57E2D3E4EB900B92C02 /* Model */ = {
			isa = PBXGroup;
			children = (
				6CA6D57F2D3E4EC400B92C02 /* CoverFlowItem.swift */,
			);
			path = Model;
			sourceTree = "<group>";
		};
		6CA6D5812D3E4EE100B92C02 /* Views */ = {
			isa = PBXGroup;
			children = (
				6CA6D5822D3E4EF000B92C02 /* CoverFlowView.swift */,
				6CA6D5842D3E4F2600B92C02 /* CoverFlowViewHome.swift */,
			);
			path = Views;
			sourceTree = "<group>";
		};
		6CA6D5862D3E50FA00B92C02 /* Custom Indicator */ = {
			isa = PBXGroup;
			children = (
				6CA6D5872D3E512C00B92C02 /* Views */,
			);
			path = "Custom Indicator";
			sourceTree = "<group>";
		};
		6CA6D5872D3E512C00B92C02 /* Views */ = {
			isa = PBXGroup;
			children = (
				6CA6D5882D3E513400B92C02 /* PageIndicator.swift */,
				6CA6D58A2D3E515900B92C02 /* PageIndicatorHome.swift */,
			);
			path = Views;
			sourceTree = "<group>";
		};
		6CA6D58C2D3E531700B92C02 /* CustomFileExtension */ = {
			isa = PBXGroup;
			children = (
				6CA6D5902D3E536A00B92C02 /* Views */,
				6CA6D58D2D3E532B00B92C02 /* Model */,
			);
			path = CustomFileExtension;
			sourceTree = "<group>";
		};
		6CA6D58D2D3E532B00B92C02 /* Model */ = {
			isa = PBXGroup;
			children = (
				6CA6D58E2D3E533700B92C02 /* Transaction.swift */,
			);
			path = Model;
			sourceTree = "<group>";
		};
		6CA6D5902D3E536A00B92C02 /* Views */ = {
			isa = PBXGroup;
			children = (
				6CA6D5912D3E537900B92C02 /* TransactionHome.swift */,
			);
			path = Views;
			sourceTree = "<group>";
		};
		6CA6D5932D3E555A00B92C02 /* Custom Toast */ = {
			isa = PBXGroup;
			children = (
				6CA6D5962D3E560200B92C02 /* Toast.swift */,
				6CA6D5942D3E558300B92C02 /* ToastRootView.swift */,
				6CA6D5982D3E563000B92C02 /* ToastHome.swift */,
			);
			path = "Custom Toast";
			sourceTree = "<group>";
		};
		6CA6D59A2D3E572700B92C02 /* Date Picker */ = {
			isa = PBXGroup;
			children = (
				6CA6D59B2D3E582200B92C02 /* DateTextField.swift */,
				6CA6D59D2D3E584700B92C02 /* DateTextFieldHome.swift */,
			);
			path = "Date Picker";
			sourceTree = "<group>";
		};
		6CA6D59F2D3E597A00B92C02 /* Photos App */ = {
			isa = PBXGroup;
			children = (
				6CA6D5B32D3F472400B92C02 /* Views */,
				6CA6D5AE2D3E5CC800B92C02 /* Model */,
				6CA6D5A52D3E5ACE00B92C02 /* Keys */,
				6CA6D5A22D3E5AA200B92C02 /* Extension */,
			);
			path = "Photos App";
			sourceTree = "<group>";
		};
		6CA6D5A22D3E5AA200B92C02 /* Extension */ = {
			isa = PBXGroup;
			children = (
				6CA6D5A32D3E5AB100B92C02 /* View+Photo.swift */,
			);
			path = Extension;
			sourceTree = "<group>";
		};
		6CA6D5A52D3E5ACE00B92C02 /* Keys */ = {
			isa = PBXGroup;
			children = (
				6CA6D5A82D3E5B3900B92C02 /* PhotoViewFrame.swift */,
				6CA6D5AA2D3E5B6200B92C02 /* PhotoHeroKey.swift */,
				6CA6D5AC2D3E5B9B00B92C02 /* PhotoFrameKey.swift */,
			);
			path = Keys;
			sourceTree = "<group>";
		};
		6CA6D5AE2D3E5CC800B92C02 /* Model */ = {
			isa = PBXGroup;
			children = (
				6CA6D5AF2D3E5CEA00B92C02 /* PhotoItem.swift */,
				6CA6D5B12D3E5D2100B92C02 /* PhotoCoordinator.swift */,
			);
			path = Model;
			sourceTree = "<group>";
		};
		6CA6D5B32D3F472400B92C02 /* Views */ = {
			isa = PBXGroup;
			children = (
				6CA6D5B42D3F47D500B92C02 /* PhotoHeroLayer.swift */,
				6CA6D5B62D3F482200B92C02 /* PhotoDetailView.swift */,
				6CA6D5B82D3F490D00B92C02 /* PhotoHomeView.swift */,
				6CA6D5BA2D3F49B300B92C02 /* PhotoApp.swift */,
			);
			path = Views;
			sourceTree = "<group>";
		};
		6CA6D5BC2D3F4CEF00B92C02 /* PinterestGridAnimation */ = {
			isa = PBXGroup;
			children = (
				6C6529922D3F533A00D434D3 /* Views */,
				6CA6D5C12D3F4EA500B92C02 /* Model */,
				6CA6D5BD2D3F4D6E00B92C02 /* Extension */,
			);
			path = PinterestGridAnimation;
			sourceTree = "<group>";
		};
		6CA6D5BD2D3F4D6E00B92C02 /* Extension */ = {
			isa = PBXGroup;
			children = (
				6CA6D5BE2D3F4D7D00B92C02 /* View+Pinterest.swift */,
			);
			path = Extension;
			sourceTree = "<group>";
		};
		6CA6D5C12D3F4EA500B92C02 /* Model */ = {
			isa = PBXGroup;
			children = (
				6CA6D5C22D3F4F9E00B92C02 /* PinterestItem.swift */,
				6CA6D5C42D3F519400B92C02 /* PinterestCoordinator.swift */,
			);
			path = Model;
			sourceTree = "<group>";
		};
		6CAC5C342D389E9B0097FB4D = {
			isa = PBXGroup;
			children = (
				6CAC5C3F2D389E9B0097FB4D /* SwiftUI-Tutorials */,
				6CAC5C512D389E9F0097FB4D /* SwiftUI-TutorialsTests */,
				6CAC5C5B2D389E9F0097FB4D /* SwiftUI-TutorialsUITests */,
				6CAC5C3E2D389E9B0097FB4D /* Products */,
			);
			sourceTree = "<group>";
		};
		6CAC5C3E2D389E9B0097FB4D /* Products */ = {
			isa = PBXGroup;
			children = (
				6CAC5C3D2D389E9B0097FB4D /* SwiftUI-Tutorials.app */,
				6CAC5C4E2D389E9F0097FB4D /* SwiftUI-TutorialsTests.xctest */,
				6CAC5C582D389E9F0097FB4D /* SwiftUI-TutorialsUITests.xctest */,
			);
			name = Products;
			sourceTree = "<group>";
		};
		6CAC5C3F2D389E9B0097FB4D /* SwiftUI-Tutorials */ = {
			isa = PBXGroup;
			children = (
				6C6529AE2D3FA5CF00D434D3 /* SwiftUI-CardAnimation */,
				6C6529AB2D3FA44500D434D3 /* SwiftUI-BasicAnimation */,
				6C6529A22D3F572B00D434D3 /* Theme Changes */,
				6C65299D2D3F558000D434D3 /* Scroll Parallax */,
				6CA6D5BC2D3F4CEF00B92C02 /* PinterestGridAnimation */,
				6CA6D59F2D3E597A00B92C02 /* Photos App */,
				6CA6D59A2D3E572700B92C02 /* Date Picker */,
				6CA6D5932D3E555A00B92C02 /* Custom Toast */,
				6CA6D58C2D3E531700B92C02 /* CustomFileExtension */,
				6CA6D5862D3E50FA00B92C02 /* Custom Indicator */,
				6CA6D57A2D3E4E7D00B92C02 /* CoverFlowView */,
				6C8F2E9E2D390F680012850C /* ExpandTabbar */,
				6CAC5C702D38BC910097FB4D /* ParallaxScrollView */,
				6CAC5C6B2D389F690097FB4D /* SpotifyScrollableHeader */,
				6CAC5C402D389E9B0097FB4D /* SwiftUI_TutorialsApp.swift */,
				6CAC5C422D389E9B0097FB4D /* ContentView.swift */,
				6CAC5C442D389E9F0097FB4D /* Assets.xcassets */,
				6CAC5C462D389E9F0097FB4D /* SwiftUI_Tutorials.entitlements */,
				6CAC5C472D389E9F0097FB4D /* Preview Content */,
			);
			path = "SwiftUI-Tutorials";
			sourceTree = "<group>";
		};
		6CAC5C472D389E9F0097FB4D /* Preview Content */ = {
			isa = PBXGroup;
			children = (
				6CAC5C482D389E9F0097FB4D /* Preview Assets.xcassets */,
			);
			path = "Preview Content";
			sourceTree = "<group>";
		};
		6CAC5C512D389E9F0097FB4D /* SwiftUI-TutorialsTests */ = {
			isa = PBXGroup;
			children = (
				6CAC5C522D389E9F0097FB4D /* SwiftUI_TutorialsTests.swift */,
			);
			path = "SwiftUI-TutorialsTests";
			sourceTree = "<group>";
		};
		6CAC5C5B2D389E9F0097FB4D /* SwiftUI-TutorialsUITests */ = {
			isa = PBXGroup;
			children = (
				6CAC5C5C2D389E9F0097FB4D /* SwiftUI_TutorialsUITests.swift */,
				6CAC5C5E2D389E9F0097FB4D /* SwiftUI_TutorialsUITestsLaunchTests.swift */,
			);
			path = "SwiftUI-TutorialsUITests";
			sourceTree = "<group>";
		};
		6CAC5C6B2D389F690097FB4D /* SpotifyScrollableHeader */ = {
			isa = PBXGroup;
			children = (
				6CAC5C6C2D389F7F0097FB4D /* SpotifyAlbum.swift */,
				6CAC5C6E2D389F9D0097FB4D /* SpotifyHome.swift */,
			);
			path = SpotifyScrollableHeader;
			sourceTree = "<group>";
		};
		6CAC5C702D38BC910097FB4D /* ParallaxScrollView */ = {
			isa = PBXGroup;
			children = (
				6CAC5C712D38BCA80097FB4D /* ParallaxScrollViewHome.swift */,
			);
			path = ParallaxScrollView;
			sourceTree = "<group>";
		};
/* End PBXGroup section */

/* Begin PBXNativeTarget section */
		6CAC5C3C2D389E9B0097FB4D /* SwiftUI-Tutorials */ = {
			isa = PBXNativeTarget;
			buildConfigurationList = 6CAC5C622D389EA00097FB4D /* Build configuration list for PBXNativeTarget "SwiftUI-Tutorials" */;
			buildPhases = (
				6CAC5C392D389E9B0097FB4D /* Sources */,
				6CAC5C3A2D389E9B0097FB4D /* Frameworks */,
				6CAC5C3B2D389E9B0097FB4D /* Resources */,
			);
			buildRules = (
			);
			dependencies = (
			);
			name = "SwiftUI-Tutorials";
			productName = "SwiftUI-Tutorials";
			productReference = 6CAC5C3D2D389E9B0097FB4D /* SwiftUI-Tutorials.app */;
			productType = "com.apple.product-type.application";
		};
		6CAC5C4D2D389E9F0097FB4D /* SwiftUI-TutorialsTests */ = {
			isa = PBXNativeTarget;
			buildConfigurationList = 6CAC5C652D389EA00097FB4D /* Build configuration list for PBXNativeTarget "SwiftUI-TutorialsTests" */;
			buildPhases = (
				6CAC5C4A2D389E9F0097FB4D /* Sources */,
				6CAC5C4B2D389E9F0097FB4D /* Frameworks */,
				6CAC5C4C2D389E9F0097FB4D /* Resources */,
			);
			buildRules = (
			);
			dependencies = (
				6CAC5C502D389E9F0097FB4D /* PBXTargetDependency */,
			);
			name = "SwiftUI-TutorialsTests";
			productName = "SwiftUI-TutorialsTests";
			productReference = 6CAC5C4E2D389E9F0097FB4D /* SwiftUI-TutorialsTests.xctest */;
			productType = "com.apple.product-type.bundle.unit-test";
		};
		6CAC5C572D389E9F0097FB4D /* SwiftUI-TutorialsUITests */ = {
			isa = PBXNativeTarget;
			buildConfigurationList = 6CAC5C682D389EA00097FB4D /* Build configuration list for PBXNativeTarget "SwiftUI-TutorialsUITests" */;
			buildPhases = (
				6CAC5C542D389E9F0097FB4D /* Sources */,
				6CAC5C552D389E9F0097FB4D /* Frameworks */,
				6CAC5C562D389E9F0097FB4D /* Resources */,
			);
			buildRules = (
			);
			dependencies = (
				6CAC5C5A2D389E9F0097FB4D /* PBXTargetDependency */,
			);
			name = "SwiftUI-TutorialsUITests";
			productName = "SwiftUI-TutorialsUITests";
			productReference = 6CAC5C582D389E9F0097FB4D /* SwiftUI-TutorialsUITests.xctest */;
			productType = "com.apple.product-type.bundle.ui-testing";
		};
/* End PBXNativeTarget section */

/* Begin PBXProject section */
		6CAC5C352D389E9B0097FB4D /* Project object */ = {
			isa = PBXProject;
			attributes = {
				BuildIndependentTargetsInParallel = 1;
				LastSwiftUpdateCheck = 1520;
				LastUpgradeCheck = 1520;
				TargetAttributes = {
					6CAC5C3C2D389E9B0097FB4D = {
						CreatedOnToolsVersion = 15.2;
					};
					6CAC5C4D2D389E9F0097FB4D = {
						CreatedOnToolsVersion = 15.2;
						TestTargetID = 6CAC5C3C2D389E9B0097FB4D;
					};
					6CAC5C572D389E9F0097FB4D = {
						CreatedOnToolsVersion = 15.2;
						TestTargetID = 6CAC5C3C2D389E9B0097FB4D;
					};
				};
			};
			buildConfigurationList = 6CAC5C382D389E9B0097FB4D /* Build configuration list for PBXProject "SwiftUI-Tutorials" */;
			compatibilityVersion = "Xcode 14.0";
			developmentRegion = en;
			hasScannedForEncodings = 0;
			knownRegions = (
				en,
				Base,
			);
			mainGroup = 6CAC5C342D389E9B0097FB4D;
			productRefGroup = 6CAC5C3E2D389E9B0097FB4D /* Products */;
			projectDirPath = "";
			projectRoot = "";
			targets = (
				6CAC5C3C2D389E9B0097FB4D /* SwiftUI-Tutorials */,
				6CAC5C4D2D389E9F0097FB4D /* SwiftUI-TutorialsTests */,
				6CAC5C572D389E9F0097FB4D /* SwiftUI-TutorialsUITests */,
			);
		};
/* End PBXProject section */

/* Begin PBXResourcesBuildPhase section */
		6CAC5C3B2D389E9B0097FB4D /* Resources */ = {
			isa = PBXResourcesBuildPhase;
			buildActionMask = 2147483647;
			files = (
				6CAC5C492D389E9F0097FB4D /* Preview Assets.xcassets in Resources */,
				6CAC5C452D389E9F0097FB4D /* Assets.xcassets in Resources */,
			);
			runOnlyForDeploymentPostprocessing = 0;
		};
		6CAC5C4C2D389E9F0097FB4D /* Resources */ = {
			isa = PBXResourcesBuildPhase;
			buildActionMask = 2147483647;
			files = (
			);
			runOnlyForDeploymentPostprocessing = 0;
		};
		6CAC5C562D389E9F0097FB4D /* Resources */ = {
			isa = PBXResourcesBuildPhase;
			buildActionMask = 2147483647;
			files = (
			);
			runOnlyForDeploymentPostprocessing = 0;
		};
/* End PBXResourcesBuildPhase section */

/* Begin PBXSourcesBuildPhase section */
		6CAC5C392D389E9B0097FB4D /* Sources */ = {
			isa = PBXSourcesBuildPhase;
			buildActionMask = 2147483647;
			files = (
				6CA6D58F2D3E533700B92C02 /* Transaction.swift in Sources */,
				6CA6D5BB2D3F49B300B92C02 /* PhotoApp.swift in Sources */,
				6CA6D5C52D3F519400B92C02 /* PinterestCoordinator.swift in Sources */,
				6CA6D5952D3E558300B92C02 /* ToastRootView.swift in Sources */,
				6CA6D5972D3E560200B92C02 /* Toast.swift in Sources */,
				6CA6D59C2D3E582200B92C02 /* DateTextField.swift in Sources */,
				6CA6D5832D3E4EF000B92C02 /* CoverFlowView.swift in Sources */,
				6CA6D5B72D3F482200B92C02 /* PhotoDetailView.swift in Sources */,
				6C6529942D3F534200D434D3 /* PinterestContent.swift in Sources */,
				6C8F2EA02D390F800012850C /* ExpandTabbarHome.swift in Sources */,
				6CA6D5B02D3E5CEA00B92C02 /* PhotoItem.swift in Sources */,
				6CA6D5B92D3F490D00B92C02 /* PhotoHomeView.swift in Sources */,
				6C6529A82D3F579600D434D3 /* ThemeChangeView.swift in Sources */,
				6CA6D5A92D3E5B3900B92C02 /* PhotoViewFrame.swift in Sources */,
				6CAC5C6D2D389F7F0097FB4D /* SpotifyAlbum.swift in Sources */,
				6CA6D5922D3E537900B92C02 /* TransactionHome.swift in Sources */,
				6CA6D5AD2D3E5B9B00B92C02 /* PhotoFrameKey.swift in Sources */,
				6C65299A2D3F543F00D434D3 /* PinterestHomeView.swift in Sources */,
				6CA6D57D2D3E4E9D00B92C02 /* View+Extension.swift in Sources */,
				6CA6D5992D3E563000B92C02 /* ToastHome.swift in Sources */,
				6C6529962D3F53CB00D434D3 /* PinterestImageView.swift in Sources */,
				6CA6D5B22D3E5D2100B92C02 /* PhotoCoordinator.swift in Sources */,
				6CA6D5892D3E513400B92C02 /* PageIndicator.swift in Sources */,
				6CA6D58B2D3E515900B92C02 /* PageIndicatorHome.swift in Sources */,
				6C6529A12D3F563600D434D3 /* ScrollParallaxApp.swift in Sources */,
				6CAC5C722D38BCA80097FB4D /* ParallaxScrollViewHome.swift in Sources */,
				6CA6D5BF2D3F4D7D00B92C02 /* View+Pinterest.swift in Sources */,
				6C8F2EA22D3910330012850C /* ExpandTabbar.swift in Sources */,
				6C65299C2D3F549800D434D3 /* PinterestApp.swift in Sources */,
				6CA6D59E2D3E584700B92C02 /* DateTextFieldHome.swift in Sources */,
				6CA6D5802D3E4EC400B92C02 /* CoverFlowItem.swift in Sources */,
				6CAC5C432D389E9B0097FB4D /* ContentView.swift in Sources */,
				6C6529AD2D3FA45E00D434D3 /* BasicAnimationView.swift in Sources */,
				6C6529982D3F53EF00D434D3 /* PinterestDetailView.swift in Sources */,
				6C65299F2D3F559E00D434D3 /* ScrollParallaxHome.swift in Sources */,
				6CA6D5852D3E4F2600B92C02 /* CoverFlowViewHome.swift in Sources */,
				6CA6D5B52D3F47D500B92C02 /* PhotoHeroLayer.swift in Sources */,
				6CA6D5C32D3F4F9E00B92C02 /* PinterestItem.swift in Sources */,
				6CAC5C412D389E9B0097FB4D /* SwiftUI_TutorialsApp.swift in Sources */,
				6C6529B02D3FA6A800D434D3 /* CardAnimationView.swift in Sources */,
				6CA6D5A42D3E5AB100B92C02 /* View+Photo.swift in Sources */,
				6C6529A52D3F575300D434D3 /* Enums+Theme.swift in Sources */,
				6C6529AA2D3F57CE00D434D3 /* ThemeChangeApp.swift in Sources */,
				6CA6D5AB2D3E5B6200B92C02 /* PhotoHeroKey.swift in Sources */,
				6CAC5C6F2D389F9D0097FB4D /* SpotifyHome.swift in Sources */,
			);
			runOnlyForDeploymentPostprocessing = 0;
		};
		6CAC5C4A2D389E9F0097FB4D /* Sources */ = {
			isa = PBXSourcesBuildPhase;
			buildActionMask = 2147483647;
			files = (
				6CAC5C532D389E9F0097FB4D /* SwiftUI_TutorialsTests.swift in Sources */,
			);
			runOnlyForDeploymentPostprocessing = 0;
		};
		6CAC5C542D389E9F0097FB4D /* Sources */ = {
			isa = PBXSourcesBuildPhase;
			buildActionMask = 2147483647;
			files = (
				6CAC5C5F2D389E9F0097FB4D /* SwiftUI_TutorialsUITestsLaunchTests.swift in Sources */,
				6CAC5C5D2D389E9F0097FB4D /* SwiftUI_TutorialsUITests.swift in Sources */,
			);
			runOnlyForDeploymentPostprocessing = 0;
		};
/* End PBXSourcesBuildPhase section */

/* Begin PBXTargetDependency section */
		6CAC5C502D389E9F0097FB4D /* PBXTargetDependency */ = {
			isa = PBXTargetDependency;
			target = 6CAC5C3C2D389E9B0097FB4D /* SwiftUI-Tutorials */;
			targetProxy = 6CAC5C4F2D389E9F0097FB4D /* PBXContainerItemProxy */;
		};
		6CAC5C5A2D389E9F0097FB4D /* PBXTargetDependency */ = {
			isa = PBXTargetDependency;
			target = 6CAC5C3C2D389E9B0097FB4D /* SwiftUI-Tutorials */;
			targetProxy = 6CAC5C592D389E9F0097FB4D /* PBXContainerItemProxy */;
		};
/* End PBXTargetDependency section */

/* Begin XCBuildConfiguration section */
		6CAC5C602D389EA00097FB4D /* Debug */ = {
			isa = XCBuildConfiguration;
			buildSettings = {
				ALWAYS_SEARCH_USER_PATHS = NO;
				ASSETCATALOG_COMPILER_GENERATE_SWIFT_ASSET_SYMBOL_EXTENSIONS = YES;
				CLANG_ANALYZER_NONNULL = YES;
				CLANG_ANALYZER_NUMBER_OBJECT_CONVERSION = YES_AGGRESSIVE;
				CLANG_CXX_LANGUAGE_STANDARD = "gnu++20";
				CLANG_ENABLE_MODULES = YES;
				CLANG_ENABLE_OBJC_ARC = YES;
				CLANG_ENABLE_OBJC_WEAK = YES;
				CLANG_WARN_BLOCK_CAPTURE_AUTORELEASING = YES;
				CLANG_WARN_BOOL_CONVERSION = YES;
				CLANG_WARN_COMMA = YES;
				CLANG_WARN_CONSTANT_CONVERSION = YES;
				CLANG_WARN_DEPRECATED_OBJC_IMPLEMENTATIONS = YES;
				CLANG_WARN_DIRECT_OBJC_ISA_USAGE = YES_ERROR;
				CLANG_WARN_DOCUMENTATION_COMMENTS = YES;
				CLANG_WARN_EMPTY_BODY = YES;
				CLANG_WARN_ENUM_CONVERSION = YES;
				CLANG_WARN_INFINITE_RECURSION = YES;
				CLANG_WARN_INT_CONVERSION = YES;
				CLANG_WARN_NON_LITERAL_NULL_CONVERSION = YES;
				CLANG_WARN_OBJC_IMPLICIT_RETAIN_SELF = YES;
				CLANG_WARN_OBJC_LITERAL_CONVERSION = YES;
				CLANG_WARN_OBJC_ROOT_CLASS = YES_ERROR;
				CLANG_WARN_QUOTED_INCLUDE_IN_FRAMEWORK_HEADER = YES;
				CLANG_WARN_RANGE_LOOP_ANALYSIS = YES;
				CLANG_WARN_STRICT_PROTOTYPES = YES;
				CLANG_WARN_SUSPICIOUS_MOVE = YES;
				CLANG_WARN_UNGUARDED_AVAILABILITY = YES_AGGRESSIVE;
				CLANG_WARN_UNREACHABLE_CODE = YES;
				CLANG_WARN__DUPLICATE_METHOD_MATCH = YES;
				COPY_PHASE_STRIP = NO;
				DEBUG_INFORMATION_FORMAT = dwarf;
				ENABLE_STRICT_OBJC_MSGSEND = YES;
				ENABLE_TESTABILITY = YES;
				ENABLE_USER_SCRIPT_SANDBOXING = YES;
				GCC_C_LANGUAGE_STANDARD = gnu17;
				GCC_DYNAMIC_NO_PIC = NO;
				GCC_NO_COMMON_BLOCKS = YES;
				GCC_OPTIMIZATION_LEVEL = 0;
				GCC_PREPROCESSOR_DEFINITIONS = (
					"DEBUG=1",
					"$(inherited)",
				);
				GCC_WARN_64_TO_32_BIT_CONVERSION = YES;
				GCC_WARN_ABOUT_RETURN_TYPE = YES_ERROR;
				GCC_WARN_UNDECLARED_SELECTOR = YES;
				GCC_WARN_UNINITIALIZED_AUTOS = YES_AGGRESSIVE;
				GCC_WARN_UNUSED_FUNCTION = YES;
				GCC_WARN_UNUSED_VARIABLE = YES;
				LOCALIZATION_PREFERS_STRING_CATALOGS = YES;
				MTL_ENABLE_DEBUG_INFO = INCLUDE_SOURCE;
				MTL_FAST_MATH = YES;
				ONLY_ACTIVE_ARCH = YES;
				SWIFT_ACTIVE_COMPILATION_CONDITIONS = "DEBUG $(inherited)";
				SWIFT_OPTIMIZATION_LEVEL = "-Onone";
			};
			name = Debug;
		};
		6CAC5C612D389EA00097FB4D /* Release */ = {
			isa = XCBuildConfiguration;
			buildSettings = {
				ALWAYS_SEARCH_USER_PATHS = NO;
				ASSETCATALOG_COMPILER_GENERATE_SWIFT_ASSET_SYMBOL_EXTENSIONS = YES;
				CLANG_ANALYZER_NONNULL = YES;
				CLANG_ANALYZER_NUMBER_OBJECT_CONVERSION = YES_AGGRESSIVE;
				CLANG_CXX_LANGUAGE_STANDARD = "gnu++20";
				CLANG_ENABLE_MODULES = YES;
				CLANG_ENABLE_OBJC_ARC = YES;
				CLANG_ENABLE_OBJC_WEAK = YES;
				CLANG_WARN_BLOCK_CAPTURE_AUTORELEASING = YES;
				CLANG_WARN_BOOL_CONVERSION = YES;
				CLANG_WARN_COMMA = YES;
				CLANG_WARN_CONSTANT_CONVERSION = YES;
				CLANG_WARN_DEPRECATED_OBJC_IMPLEMENTATIONS = YES;
				CLANG_WARN_DIRECT_OBJC_ISA_USAGE = YES_ERROR;
				CLANG_WARN_DOCUMENTATION_COMMENTS = YES;
				CLANG_WARN_EMPTY_BODY = YES;
				CLANG_WARN_ENUM_CONVERSION = YES;
				CLANG_WARN_INFINITE_RECURSION = YES;
				CLANG_WARN_INT_CONVERSION = YES;
				CLANG_WARN_NON_LITERAL_NULL_CONVERSION = YES;
				CLANG_WARN_OBJC_IMPLICIT_RETAIN_SELF = YES;
				CLANG_WARN_OBJC_LITERAL_CONVERSION = YES;
				CLANG_WARN_OBJC_ROOT_CLASS = YES_ERROR;
				CLANG_WARN_QUOTED_INCLUDE_IN_FRAMEWORK_HEADER = YES;
				CLANG_WARN_RANGE_LOOP_ANALYSIS = YES;
				CLANG_WARN_STRICT_PROTOTYPES = YES;
				CLANG_WARN_SUSPICIOUS_MOVE = YES;
				CLANG_WARN_UNGUARDED_AVAILABILITY = YES_AGGRESSIVE;
				CLANG_WARN_UNREACHABLE_CODE = YES;
				CLANG_WARN__DUPLICATE_METHOD_MATCH = YES;
				COPY_PHASE_STRIP = NO;
				DEBUG_INFORMATION_FORMAT = "dwarf-with-dsym";
				ENABLE_NS_ASSERTIONS = NO;
				ENABLE_STRICT_OBJC_MSGSEND = YES;
				ENABLE_USER_SCRIPT_SANDBOXING = YES;
				GCC_C_LANGUAGE_STANDARD = gnu17;
				GCC_NO_COMMON_BLOCKS = YES;
				GCC_WARN_64_TO_32_BIT_CONVERSION = YES;
				GCC_WARN_ABOUT_RETURN_TYPE = YES_ERROR;
				GCC_WARN_UNDECLARED_SELECTOR = YES;
				GCC_WARN_UNINITIALIZED_AUTOS = YES_AGGRESSIVE;
				GCC_WARN_UNUSED_FUNCTION = YES;
				GCC_WARN_UNUSED_VARIABLE = YES;
				LOCALIZATION_PREFERS_STRING_CATALOGS = YES;
				MTL_ENABLE_DEBUG_INFO = NO;
				MTL_FAST_MATH = YES;
				SWIFT_COMPILATION_MODE = wholemodule;
			};
			name = Release;
		};
		6CAC5C632D389EA00097FB4D /* Debug */ = {
			isa = XCBuildConfiguration;
			buildSettings = {
				ASSETCATALOG_COMPILER_APPICON_NAME = AppIcon;
				ASSETCATALOG_COMPILER_GLOBAL_ACCENT_COLOR_NAME = AccentColor;
				CODE_SIGN_ENTITLEMENTS = "SwiftUI-Tutorials/SwiftUI_Tutorials.entitlements";
				CODE_SIGN_STYLE = Automatic;
				CURRENT_PROJECT_VERSION = 1;
				DEVELOPMENT_ASSET_PATHS = "\"SwiftUI-Tutorials/Preview Content\"";
				ENABLE_PREVIEWS = YES;
				GENERATE_INFOPLIST_FILE = YES;
				"INFOPLIST_KEY_UIApplicationSceneManifest_Generation[sdk=iphoneos*]" = YES;
				"INFOPLIST_KEY_UIApplicationSceneManifest_Generation[sdk=iphonesimulator*]" = YES;
				"INFOPLIST_KEY_UIApplicationSupportsIndirectInputEvents[sdk=iphoneos*]" = YES;
				"INFOPLIST_KEY_UIApplicationSupportsIndirectInputEvents[sdk=iphonesimulator*]" = YES;
				"INFOPLIST_KEY_UILaunchScreen_Generation[sdk=iphoneos*]" = YES;
				"INFOPLIST_KEY_UILaunchScreen_Generation[sdk=iphonesimulator*]" = YES;
				"INFOPLIST_KEY_UIStatusBarStyle[sdk=iphoneos*]" = UIStatusBarStyleDefault;
				"INFOPLIST_KEY_UIStatusBarStyle[sdk=iphonesimulator*]" = UIStatusBarStyleDefault;
				INFOPLIST_KEY_UISupportedInterfaceOrientations_iPad = "UIInterfaceOrientationPortrait UIInterfaceOrientationPortraitUpsideDown UIInterfaceOrientationLandscapeLeft UIInterfaceOrientationLandscapeRight";
				INFOPLIST_KEY_UISupportedInterfaceOrientations_iPhone = "UIInterfaceOrientationPortrait UIInterfaceOrientationLandscapeLeft UIInterfaceOrientationLandscapeRight";
				IPHONEOS_DEPLOYMENT_TARGET = 17.2;
				LD_RUNPATH_SEARCH_PATHS = "@executable_path/Frameworks";
				"LD_RUNPATH_SEARCH_PATHS[sdk=macosx*]" = "@executable_path/../Frameworks";
				MACOSX_DEPLOYMENT_TARGET = 13.7;
				MARKETING_VERSION = 1.0;
				PRODUCT_BUNDLE_IDENTIFIER = "me.jinwen.SwiftUI-Tutorials";
				PRODUCT_NAME = "$(TARGET_NAME)";
				SDKROOT = auto;
				SUPPORTED_PLATFORMS = "iphoneos iphonesimulator macosx";
				SWIFT_EMIT_LOC_STRINGS = YES;
				SWIFT_VERSION = 5.0;
				TARGETED_DEVICE_FAMILY = "1,2";
			};
			name = Debug;
		};
		6CAC5C642D389EA00097FB4D /* Release */ = {
			isa = XCBuildConfiguration;
			buildSettings = {
				ASSETCATALOG_COMPILER_APPICON_NAME = AppIcon;
				ASSETCATALOG_COMPILER_GLOBAL_ACCENT_COLOR_NAME = AccentColor;
				CODE_SIGN_ENTITLEMENTS = "SwiftUI-Tutorials/SwiftUI_Tutorials.entitlements";
				CODE_SIGN_STYLE = Automatic;
				CURRENT_PROJECT_VERSION = 1;
				DEVELOPMENT_ASSET_PATHS = "\"SwiftUI-Tutorials/Preview Content\"";
				ENABLE_PREVIEWS = YES;
				GENERATE_INFOPLIST_FILE = YES;
				"INFOPLIST_KEY_UIApplicationSceneManifest_Generation[sdk=iphoneos*]" = YES;
				"INFOPLIST_KEY_UIApplicationSceneManifest_Generation[sdk=iphonesimulator*]" = YES;
				"INFOPLIST_KEY_UIApplicationSupportsIndirectInputEvents[sdk=iphoneos*]" = YES;
				"INFOPLIST_KEY_UIApplicationSupportsIndirectInputEvents[sdk=iphonesimulator*]" = YES;
				"INFOPLIST_KEY_UILaunchScreen_Generation[sdk=iphoneos*]" = YES;
				"INFOPLIST_KEY_UILaunchScreen_Generation[sdk=iphonesimulator*]" = YES;
				"INFOPLIST_KEY_UIStatusBarStyle[sdk=iphoneos*]" = UIStatusBarStyleDefault;
				"INFOPLIST_KEY_UIStatusBarStyle[sdk=iphonesimulator*]" = UIStatusBarStyleDefault;
				INFOPLIST_KEY_UISupportedInterfaceOrientations_iPad = "UIInterfaceOrientationPortrait UIInterfaceOrientationPortraitUpsideDown UIInterfaceOrientationLandscapeLeft UIInterfaceOrientationLandscapeRight";
				INFOPLIST_KEY_UISupportedInterfaceOrientations_iPhone = "UIInterfaceOrientationPortrait UIInterfaceOrientationLandscapeLeft UIInterfaceOrientationLandscapeRight";
				IPHONEOS_DEPLOYMENT_TARGET = 17.2;
				LD_RUNPATH_SEARCH_PATHS = "@executable_path/Frameworks";
				"LD_RUNPATH_SEARCH_PATHS[sdk=macosx*]" = "@executable_path/../Frameworks";
				MACOSX_DEPLOYMENT_TARGET = 13.7;
				MARKETING_VERSION = 1.0;
				PRODUCT_BUNDLE_IDENTIFIER = "me.jinwen.SwiftUI-Tutorials";
				PRODUCT_NAME = "$(TARGET_NAME)";
				SDKROOT = auto;
				SUPPORTED_PLATFORMS = "iphoneos iphonesimulator macosx";
				SWIFT_EMIT_LOC_STRINGS = YES;
				SWIFT_VERSION = 5.0;
				TARGETED_DEVICE_FAMILY = "1,2";
			};
			name = Release;
		};
		6CAC5C662D389EA00097FB4D /* Debug */ = {
			isa = XCBuildConfiguration;
			buildSettings = {
				ALWAYS_EMBED_SWIFT_STANDARD_LIBRARIES = YES;
				BUNDLE_LOADER = "$(TEST_HOST)";
				CODE_SIGN_STYLE = Automatic;
				CURRENT_PROJECT_VERSION = 1;
				GENERATE_INFOPLIST_FILE = YES;
				IPHONEOS_DEPLOYMENT_TARGET = 17.2;
				MACOSX_DEPLOYMENT_TARGET = 13.7;
				MARKETING_VERSION = 1.0;
				PRODUCT_BUNDLE_IDENTIFIER = "me.jinwen.SwiftUI-TutorialsTests";
				PRODUCT_NAME = "$(TARGET_NAME)";
				SDKROOT = auto;
				SUPPORTED_PLATFORMS = "iphoneos iphonesimulator macosx";
				SWIFT_EMIT_LOC_STRINGS = NO;
				SWIFT_VERSION = 5.0;
				TARGETED_DEVICE_FAMILY = "1,2";
				TEST_HOST = "$(BUILT_PRODUCTS_DIR)/SwiftUI-Tutorials.app/$(BUNDLE_EXECUTABLE_FOLDER_PATH)/SwiftUI-Tutorials";
			};
			name = Debug;
		};
		6CAC5C672D389EA00097FB4D /* Release */ = {
			isa = XCBuildConfiguration;
			buildSettings = {
				ALWAYS_EMBED_SWIFT_STANDARD_LIBRARIES = YES;
				BUNDLE_LOADER = "$(TEST_HOST)";
				CODE_SIGN_STYLE = Automatic;
				CURRENT_PROJECT_VERSION = 1;
				GENERATE_INFOPLIST_FILE = YES;
				IPHONEOS_DEPLOYMENT_TARGET = 17.2;
				MACOSX_DEPLOYMENT_TARGET = 13.7;
				MARKETING_VERSION = 1.0;
				PRODUCT_BUNDLE_IDENTIFIER = "me.jinwen.SwiftUI-TutorialsTests";
				PRODUCT_NAME = "$(TARGET_NAME)";
				SDKROOT = auto;
				SUPPORTED_PLATFORMS = "iphoneos iphonesimulator macosx";
				SWIFT_EMIT_LOC_STRINGS = NO;
				SWIFT_VERSION = 5.0;
				TARGETED_DEVICE_FAMILY = "1,2";
				TEST_HOST = "$(BUILT_PRODUCTS_DIR)/SwiftUI-Tutorials.app/$(BUNDLE_EXECUTABLE_FOLDER_PATH)/SwiftUI-Tutorials";
			};
			name = Release;
		};
		6CAC5C692D389EA00097FB4D /* Debug */ = {
			isa = XCBuildConfiguration;
			buildSettings = {
				ALWAYS_EMBED_SWIFT_STANDARD_LIBRARIES = YES;
				CODE_SIGN_STYLE = Automatic;
				CURRENT_PROJECT_VERSION = 1;
				GENERATE_INFOPLIST_FILE = YES;
				IPHONEOS_DEPLOYMENT_TARGET = 17.2;
				MACOSX_DEPLOYMENT_TARGET = 13.7;
				MARKETING_VERSION = 1.0;
				PRODUCT_BUNDLE_IDENTIFIER = "me.jinwen.SwiftUI-TutorialsUITests";
				PRODUCT_NAME = "$(TARGET_NAME)";
				SDKROOT = auto;
				SUPPORTED_PLATFORMS = "iphoneos iphonesimulator macosx";
				SWIFT_EMIT_LOC_STRINGS = NO;
				SWIFT_VERSION = 5.0;
				TARGETED_DEVICE_FAMILY = "1,2";
				TEST_TARGET_NAME = "SwiftUI-Tutorials";
			};
			name = Debug;
		};
		6CAC5C6A2D389EA00097FB4D /* Release */ = {
			isa = XCBuildConfiguration;
			buildSettings = {
				ALWAYS_EMBED_SWIFT_STANDARD_LIBRARIES = YES;
				CODE_SIGN_STYLE = Automatic;
				CURRENT_PROJECT_VERSION = 1;
				GENERATE_INFOPLIST_FILE = YES;
				IPHONEOS_DEPLOYMENT_TARGET = 17.2;
				MACOSX_DEPLOYMENT_TARGET = 13.7;
				MARKETING_VERSION = 1.0;
				PRODUCT_BUNDLE_IDENTIFIER = "me.jinwen.SwiftUI-TutorialsUITests";
				PRODUCT_NAME = "$(TARGET_NAME)";
				SDKROOT = auto;
				SUPPORTED_PLATFORMS = "iphoneos iphonesimulator macosx";
				SWIFT_EMIT_LOC_STRINGS = NO;
				SWIFT_VERSION = 5.0;
				TARGETED_DEVICE_FAMILY = "1,2";
				TEST_TARGET_NAME = "SwiftUI-Tutorials";
			};
			name = Release;
		};
/* End XCBuildConfiguration section */

/* Begin XCConfigurationList section */
		6CAC5C382D389E9B0097FB4D /* Build configuration list for PBXProject "SwiftUI-Tutorials" */ = {
			isa = XCConfigurationList;
			buildConfigurations = (
				6CAC5C602D389EA00097FB4D /* Debug */,
				6CAC5C612D389EA00097FB4D /* Release */,
			);
			defaultConfigurationIsVisible = 0;
			defaultConfigurationName = Release;
		};
		6CAC5C622D389EA00097FB4D /* Build configuration list for PBXNativeTarget "SwiftUI-Tutorials" */ = {
			isa = XCConfigurationList;
			buildConfigurations = (
				6CAC5C632D389EA00097FB4D /* Debug */,
				6CAC5C642D389EA00097FB4D /* Release */,
			);
			defaultConfigurationIsVisible = 0;
			defaultConfigurationName = Release;
		};
		6CAC5C652D389EA00097FB4D /* Build configuration list for PBXNativeTarget "SwiftUI-TutorialsTests" */ = {
			isa = XCConfigurationList;
			buildConfigurations = (
				6CAC5C662D389EA00097FB4D /* Debug */,
				6CAC5C672D389EA00097FB4D /* Release */,
			);
			defaultConfigurationIsVisible = 0;
			defaultConfigurationName = Release;
		};
		6CAC5C682D389EA00097FB4D /* Build configuration list for PBXNativeTarget "SwiftUI-TutorialsUITests" */ = {
			isa = XCConfigurationList;
			buildConfigurations = (
				6CAC5C692D389EA00097FB4D /* Debug */,
				6CAC5C6A2D389EA00097FB4D /* Release */,
			);
			defaultConfigurationIsVisible = 0;
			defaultConfigurationName = Release;
		};
/* End XCConfigurationList section */
	};
	rootObject = 6CAC5C352D389E9B0097FB4D /* Project object */;
}
