// !$*UTF8*$!
{
	archiveVersion = 1;
	classes = {
	};
	objectVersion = 56;
	objects = {

/* Begin PBXBuildFile section */
		6CE510342BDA2CD6001CBCA2 /* LandmarksAppApp.swift in Sources */ = {isa = PBXBuildFile; fileRef = 6CE510332BDA2CD6001CBCA2 /* LandmarksAppApp.swift */; };
		6CE510382BDA2CD7001CBCA2 /* Assets.xcassets in Resources */ = {isa = PBXBuildFile; fileRef = 6CE510372BDA2CD7001CBCA2 /* Assets.xcassets */; };
		6CE5103B2BDA2CD7001CBCA2 /* Preview Assets.xcassets in Resources */ = {isa = PBXBuildFile; fileRef = 6CE5103A2BDA2CD7001CBCA2 /* Preview Assets.xcassets */; };
		6CE510442BDA3FA6001CBCA2 /* landmarkData.json in Resources */ = {isa = PBXBuildFile; fileRef = 6CE510422BDA3FA6001CBCA2 /* landmarkData.json */; };
		6CE510452BDA3FA6001CBCA2 /* hikeData.json in Resources */ = {isa = PBXBuildFile; fileRef = 6CE510432BDA3FA6001CBCA2 /* hikeData.json */; };
		6CE510482BDB0A78001CBCA2 /* Landmark.swift in Sources */ = {isa = PBXBuildFile; fileRef = 6CE510472BDB0A78001CBCA2 /* Landmark.swift */; };
		6CE5104A2BDB0D88001CBCA2 /* ModelData.swift in Sources */ = {isa = PBXBuildFile; fileRef = 6CE510492BDB0D88001CBCA2 /* ModelData.swift */; };
		6CE5104C2BDB1008001CBCA2 /* Hike.swift in Sources */ = {isa = PBXBuildFile; fileRef = 6CE5104B2BDB1008001CBCA2 /* Hike.swift */; };
		6CE5104E2BDB12A3001CBCA2 /* Profile.swift in Sources */ = {isa = PBXBuildFile; fileRef = 6CE5104D2BDB12A3001CBCA2 /* Profile.swift */; };
		6CE510512BDB1581001CBCA2 /* ContentView.swift in Sources */ = {isa = PBXBuildFile; fileRef = 6CE510502BDB1581001CBCA2 /* ContentView.swift */; };
		6CE510552BDB17F1001CBCA2 /* LandmarkList.swift in Sources */ = {isa = PBXBuildFile; fileRef = 6CE510542BDB17F1001CBCA2 /* LandmarkList.swift */; };
		6CE510572BDB1832001CBCA2 /* CategoryHome.swift in Sources */ = {isa = PBXBuildFile; fileRef = 6CE510562BDB1832001CBCA2 /* CategoryHome.swift */; };
		6CE510592BDB1ACA001CBCA2 /* CategoryItem.swift in Sources */ = {isa = PBXBuildFile; fileRef = 6CE510582BDB1ACA001CBCA2 /* CategoryItem.swift */; };
		6CE5105B2BDB293B001CBCA2 /* CategoryRow.swift in Sources */ = {isa = PBXBuildFile; fileRef = 6CE5105A2BDB293B001CBCA2 /* CategoryRow.swift */; };
		6CE5105D2BDB2CCC001CBCA2 /* LandmarkDetail.swift in Sources */ = {isa = PBXBuildFile; fileRef = 6CE5105C2BDB2CCC001CBCA2 /* LandmarkDetail.swift */; };
		6CE510602BDB374E001CBCA2 /* MapView.swift in Sources */ = {isa = PBXBuildFile; fileRef = 6CE5105F2BDB374E001CBCA2 /* MapView.swift */; };
		6CE510622BDB4041001CBCA2 /* CircleImage.swift in Sources */ = {isa = PBXBuildFile; fileRef = 6CE510612BDB4041001CBCA2 /* CircleImage.swift */; };
		6CE510642BDB40C8001CBCA2 /* FavoriteButton.swift in Sources */ = {isa = PBXBuildFile; fileRef = 6CE510632BDB40C8001CBCA2 /* FavoriteButton.swift */; };
		6CE510672BDB47E1001CBCA2 /* PageControl.swift in Sources */ = {isa = PBXBuildFile; fileRef = 6CE510662BDB47E1001CBCA2 /* PageControl.swift */; };
		6CE510692BDB4B6B001CBCA2 /* FeatureCard.swift in Sources */ = {isa = PBXBuildFile; fileRef = 6CE510682BDB4B6B001CBCA2 /* FeatureCard.swift */; };
		6CE5106B2BDB4D51001CBCA2 /* PageView.swift in Sources */ = {isa = PBXBuildFile; fileRef = 6CE5106A2BDB4D51001CBCA2 /* PageView.swift */; };
		6CE5106D2BDB4F85001CBCA2 /* PageViewController.swift in Sources */ = {isa = PBXBuildFile; fileRef = 6CE5106C2BDB4F85001CBCA2 /* PageViewController.swift */; };
		6CE510702BDB9494001CBCA2 /* EditProfileView.swift in Sources */ = {isa = PBXBuildFile; fileRef = 6CE5106F2BDB9494001CBCA2 /* EditProfileView.swift */; };
		6CE510732BDB9A8F001CBCA2 /* GraphCapsule.swift in Sources */ = {isa = PBXBuildFile; fileRef = 6CE510722BDB9A8F001CBCA2 /* GraphCapsule.swift */; };
		6CE510752BDB9AAD001CBCA2 /* HikeGraph.swift in Sources */ = {isa = PBXBuildFile; fileRef = 6CE510742BDB9AAD001CBCA2 /* HikeGraph.swift */; };
		6CE510772BDB9ADC001CBCA2 /* HikeDetail.swift in Sources */ = {isa = PBXBuildFile; fileRef = 6CE510762BDB9ADC001CBCA2 /* HikeDetail.swift */; };
		6CE510792BDB9B98001CBCA2 /* HikeView.swift in Sources */ = {isa = PBXBuildFile; fileRef = 6CE510782BDB9B98001CBCA2 /* HikeView.swift */; };
		6CE5107C2BDB9F24001CBCA2 /* HexagonParameters.swift in Sources */ = {isa = PBXBuildFile; fileRef = 6CE5107B2BDB9F24001CBCA2 /* HexagonParameters.swift */; };
		6CE5107E2BDB9F39001CBCA2 /* BadgeBackground.swift in Sources */ = {isa = PBXBuildFile; fileRef = 6CE5107D2BDB9F39001CBCA2 /* BadgeBackground.swift */; };
		6CE510802BDBA073001CBCA2 /* BadgeSymbol.swift in Sources */ = {isa = PBXBuildFile; fileRef = 6CE5107F2BDBA073001CBCA2 /* BadgeSymbol.swift */; };
		6CE510822BDBA09C001CBCA2 /* RotatedBadgeSymbol.swift in Sources */ = {isa = PBXBuildFile; fileRef = 6CE510812BDBA09C001CBCA2 /* RotatedBadgeSymbol.swift */; };
		6CE510842BDBA14C001CBCA2 /* Badge.swift in Sources */ = {isa = PBXBuildFile; fileRef = 6CE510832BDBA14B001CBCA2 /* Badge.swift */; };
		6CE510862BDBA19A001CBCA2 /* ProfileDetail.swift in Sources */ = {isa = PBXBuildFile; fileRef = 6CE510852BDBA19A001CBCA2 /* ProfileDetail.swift */; };
		6CE510882BDBA31B001CBCA2 /* HikeBadge.swift in Sources */ = {isa = PBXBuildFile; fileRef = 6CE510872BDBA31B001CBCA2 /* HikeBadge.swift */; };
		6CE5108A2BDBA50D001CBCA2 /* ProfileHost.swift in Sources */ = {isa = PBXBuildFile; fileRef = 6CE510892BDBA50D001CBCA2 /* ProfileHost.swift */; };
/* End PBXBuildFile section */

/* Begin PBXFileReference section */
		6CE510302BDA2CD6001CBCA2 /* LandmarksApp.app */ = {isa = PBXFileReference; explicitFileType = wrapper.application; includeInIndex = 0; path = LandmarksApp.app; sourceTree = BUILT_PRODUCTS_DIR; };
		6CE510332BDA2CD6001CBCA2 /* LandmarksAppApp.swift */ = {isa = PBXFileReference; lastKnownFileType = sourcecode.swift; path = LandmarksAppApp.swift; sourceTree = "<group>"; };
		6CE510372BDA2CD7001CBCA2 /* Assets.xcassets */ = {isa = PBXFileReference; lastKnownFileType = folder.assetcatalog; path = Assets.xcassets; sourceTree = "<group>"; };
		6CE5103A2BDA2CD7001CBCA2 /* Preview Assets.xcassets */ = {isa = PBXFileReference; lastKnownFileType = folder.assetcatalog; path = "Preview Assets.xcassets"; sourceTree = "<group>"; };
		6CE510422BDA3FA6001CBCA2 /* landmarkData.json */ = {isa = PBXFileReference; fileEncoding = 4; lastKnownFileType = text.json; path = landmarkData.json; sourceTree = "<group>"; };
		6CE510432BDA3FA6001CBCA2 /* hikeData.json */ = {isa = PBXFileReference; fileEncoding = 4; lastKnownFileType = text.json; path = hikeData.json; sourceTree = "<group>"; };
		6CE510472BDB0A78001CBCA2 /* Landmark.swift */ = {isa = PBXFileReference; lastKnownFileType = sourcecode.swift; path = Landmark.swift; sourceTree = "<group>"; };
		6CE510492BDB0D88001CBCA2 /* ModelData.swift */ = {isa = PBXFileReference; lastKnownFileType = sourcecode.swift; path = ModelData.swift; sourceTree = "<group>"; };
		6CE5104B2BDB1008001CBCA2 /* Hike.swift */ = {isa = PBXFileReference; lastKnownFileType = sourcecode.swift; path = Hike.swift; sourceTree = "<group>"; };
		6CE5104D2BDB12A3001CBCA2 /* Profile.swift */ = {isa = PBXFileReference; lastKnownFileType = sourcecode.swift; path = Profile.swift; sourceTree = "<group>"; };
		6CE510502BDB1581001CBCA2 /* ContentView.swift */ = {isa = PBXFileReference; lastKnownFileType = sourcecode.swift; path = ContentView.swift; sourceTree = "<group>"; };
		6CE510542BDB17F1001CBCA2 /* LandmarkList.swift */ = {isa = PBXFileReference; lastKnownFileType = sourcecode.swift; path = LandmarkList.swift; sourceTree = "<group>"; };
		6CE510562BDB1832001CBCA2 /* CategoryHome.swift */ = {isa = PBXFileReference; lastKnownFileType = sourcecode.swift; path = CategoryHome.swift; sourceTree = "<group>"; };
		6CE510582BDB1ACA001CBCA2 /* CategoryItem.swift */ = {isa = PBXFileReference; lastKnownFileType = sourcecode.swift; path = CategoryItem.swift; sourceTree = "<group>"; };
		6CE5105A2BDB293B001CBCA2 /* CategoryRow.swift */ = {isa = PBXFileReference; lastKnownFileType = sourcecode.swift; path = CategoryRow.swift; sourceTree = "<group>"; };
		6CE5105C2BDB2CCC001CBCA2 /* LandmarkDetail.swift */ = {isa = PBXFileReference; lastKnownFileType = sourcecode.swift; path = LandmarkDetail.swift; sourceTree = "<group>"; };
		6CE5105F2BDB374E001CBCA2 /* MapView.swift */ = {isa = PBXFileReference; lastKnownFileType = sourcecode.swift; path = MapView.swift; sourceTree = "<group>"; };
		6CE510612BDB4041001CBCA2 /* CircleImage.swift */ = {isa = PBXFileReference; lastKnownFileType = sourcecode.swift; path = CircleImage.swift; sourceTree = "<group>"; };
		6CE510632BDB40C8001CBCA2 /* FavoriteButton.swift */ = {isa = PBXFileReference; lastKnownFileType = sourcecode.swift; path = FavoriteButton.swift; sourceTree = "<group>"; };
		6CE510662BDB47E1001CBCA2 /* PageControl.swift */ = {isa = PBXFileReference; lastKnownFileType = sourcecode.swift; path = PageControl.swift; sourceTree = "<group>"; };
		6CE510682BDB4B6B001CBCA2 /* FeatureCard.swift */ = {isa = PBXFileReference; lastKnownFileType = sourcecode.swift; path = FeatureCard.swift; sourceTree = "<group>"; };
		6CE5106A2BDB4D51001CBCA2 /* PageView.swift */ = {isa = PBXFileReference; lastKnownFileType = sourcecode.swift; path = PageView.swift; sourceTree = "<group>"; };
		6CE5106C2BDB4F85001CBCA2 /* PageViewController.swift */ = {isa = PBXFileReference; lastKnownFileType = sourcecode.swift; path = PageViewController.swift; sourceTree = "<group>"; };
		6CE5106F2BDB9494001CBCA2 /* EditProfileView.swift */ = {isa = PBXFileReference; lastKnownFileType = sourcecode.swift; path = EditProfileView.swift; sourceTree = "<group>"; };
		6CE510722BDB9A8F001CBCA2 /* GraphCapsule.swift */ = {isa = PBXFileReference; lastKnownFileType = sourcecode.swift; path = GraphCapsule.swift; sourceTree = "<group>"; };
		6CE510742BDB9AAD001CBCA2 /* HikeGraph.swift */ = {isa = PBXFileReference; lastKnownFileType = sourcecode.swift; path = HikeGraph.swift; sourceTree = "<group>"; };
		6CE510762BDB9ADC001CBCA2 /* HikeDetail.swift */ = {isa = PBXFileReference; lastKnownFileType = sourcecode.swift; path = HikeDetail.swift; sourceTree = "<group>"; };
		6CE510782BDB9B98001CBCA2 /* HikeView.swift */ = {isa = PBXFileReference; lastKnownFileType = sourcecode.swift; path = HikeView.swift; sourceTree = "<group>"; };
		6CE5107B2BDB9F24001CBCA2 /* HexagonParameters.swift */ = {isa = PBXFileReference; lastKnownFileType = sourcecode.swift; path = HexagonParameters.swift; sourceTree = "<group>"; };
		6CE5107D2BDB9F39001CBCA2 /* BadgeBackground.swift */ = {isa = PBXFileReference; lastKnownFileType = sourcecode.swift; path = BadgeBackground.swift; sourceTree = "<group>"; };
		6CE5107F2BDBA073001CBCA2 /* BadgeSymbol.swift */ = {isa = PBXFileReference; lastKnownFileType = sourcecode.swift; path = BadgeSymbol.swift; sourceTree = "<group>"; };
		6CE510812BDBA09C001CBCA2 /* RotatedBadgeSymbol.swift */ = {isa = PBXFileReference; lastKnownFileType = sourcecode.swift; path = RotatedBadgeSymbol.swift; sourceTree = "<group>"; };
		6CE510832BDBA14B001CBCA2 /* Badge.swift */ = {isa = PBXFileReference; lastKnownFileType = sourcecode.swift; path = Badge.swift; sourceTree = "<group>"; };
		6CE510852BDBA19A001CBCA2 /* ProfileDetail.swift */ = {isa = PBXFileReference; lastKnownFileType = sourcecode.swift; path = ProfileDetail.swift; sourceTree = "<group>"; };
		6CE510872BDBA31B001CBCA2 /* HikeBadge.swift */ = {isa = PBXFileReference; lastKnownFileType = sourcecode.swift; path = HikeBadge.swift; sourceTree = "<group>"; };
		6CE510892BDBA50D001CBCA2 /* ProfileHost.swift */ = {isa = PBXFileReference; lastKnownFileType = sourcecode.swift; path = ProfileHost.swift; sourceTree = "<group>"; };
/* End PBXFileReference section */

/* Begin PBXFrameworksBuildPhase section */
		6CE5102D2BDA2CD6001CBCA2 /* Frameworks */ = {
			isa = PBXFrameworksBuildPhase;
			buildActionMask = 2147483647;
			files = (
			);
			runOnlyForDeploymentPostprocessing = 0;
		};
/* End PBXFrameworksBuildPhase section */

/* Begin PBXGroup section */
		6CE510272BDA2CD6001CBCA2 = {
			isa = PBXGroup;
			children = (
				6CE510322BDA2CD6001CBCA2 /* LandmarksApp */,
				6CE510312BDA2CD6001CBCA2 /* Products */,
			);
			sourceTree = "<group>";
		};
		6CE510312BDA2CD6001CBCA2 /* Products */ = {
			isa = PBXGroup;
			children = (
				6CE510302BDA2CD6001CBCA2 /* LandmarksApp.app */,
			);
			name = Products;
			sourceTree = "<group>";
		};
		6CE510322BDA2CD6001CBCA2 /* LandmarksApp */ = {
			isa = PBXGroup;
			children = (
				6CE510332BDA2CD6001CBCA2 /* LandmarksAppApp.swift */,
				6CE5104F2BDB156D001CBCA2 /* Views */,
				6CE510462BDA436F001CBCA2 /* Models */,
				6CE510412BDA3F6F001CBCA2 /* Resources */,
				6CE510372BDA2CD7001CBCA2 /* Assets.xcassets */,
				6CE510392BDA2CD7001CBCA2 /* Preview Content */,
			);
			path = LandmarksApp;
			sourceTree = "<group>";
		};
		6CE510392BDA2CD7001CBCA2 /* Preview Content */ = {
			isa = PBXGroup;
			children = (
				6CE5103A2BDA2CD7001CBCA2 /* Preview Assets.xcassets */,
			);
			path = "Preview Content";
			sourceTree = "<group>";
		};
		6CE510412BDA3F6F001CBCA2 /* Resources */ = {
			isa = PBXGroup;
			children = (
				6CE510432BDA3FA6001CBCA2 /* hikeData.json */,
				6CE510422BDA3FA6001CBCA2 /* landmarkData.json */,
			);
			path = Resources;
			sourceTree = "<group>";
		};
		6CE510462BDA436F001CBCA2 /* Models */ = {
			isa = PBXGroup;
			children = (
				6CE510472BDB0A78001CBCA2 /* Landmark.swift */,
				6CE5104B2BDB1008001CBCA2 /* Hike.swift */,
				6CE5104D2BDB12A3001CBCA2 /* Profile.swift */,
				6CE510492BDB0D88001CBCA2 /* ModelData.swift */,
			);
			path = Models;
			sourceTree = "<group>";
		};
		6CE5104F2BDB156D001CBCA2 /* Views */ = {
			isa = PBXGroup;
			children = (
				6CE510502BDB1581001CBCA2 /* ContentView.swift */,
				6CE5106E2BDB947B001CBCA2 /* Profile */,
				6CE510652BDB47CF001CBCA2 /* PageView */,
				6CE5105E2BDB373E001CBCA2 /* Other */,
				6CE510532BDB15CA001CBCA2 /* Landmarks */,
				6CE510522BDB15AD001CBCA2 /* Categories */,
			);
			path = Views;
			sourceTree = "<group>";
		};
		6CE510522BDB15AD001CBCA2 /* Categories */ = {
			isa = PBXGroup;
			children = (
				6CE510562BDB1832001CBCA2 /* CategoryHome.swift */,
				6CE510582BDB1ACA001CBCA2 /* CategoryItem.swift */,
				6CE5105A2BDB293B001CBCA2 /* CategoryRow.swift */,
			);
			path = Categories;
			sourceTree = "<group>";
		};
		6CE510532BDB15CA001CBCA2 /* Landmarks */ = {
			isa = PBXGroup;
			children = (
				6CE510542BDB17F1001CBCA2 /* LandmarkList.swift */,
				6CE5105C2BDB2CCC001CBCA2 /* LandmarkDetail.swift */,
			);
			path = Landmarks;
			sourceTree = "<group>";
		};
		6CE5105E2BDB373E001CBCA2 /* Other */ = {
			isa = PBXGroup;
			children = (
				6CE5105F2BDB374E001CBCA2 /* MapView.swift */,
				6CE510612BDB4041001CBCA2 /* CircleImage.swift */,
				6CE510632BDB40C8001CBCA2 /* FavoriteButton.swift */,
			);
			path = Other;
			sourceTree = "<group>";
		};
		6CE510652BDB47CF001CBCA2 /* PageView */ = {
			isa = PBXGroup;
			children = (
				6CE510662BDB47E1001CBCA2 /* PageControl.swift */,
				6CE510682BDB4B6B001CBCA2 /* FeatureCard.swift */,
				6CE5106A2BDB4D51001CBCA2 /* PageView.swift */,
				6CE5106C2BDB4F85001CBCA2 /* PageViewController.swift */,
			);
			path = PageView;
			sourceTree = "<group>";
		};
		6CE5106E2BDB947B001CBCA2 /* Profile */ = {
			isa = PBXGroup;
			children = (
				6CE5107A2BDB9F0D001CBCA2 /* Badges */,
				6CE510712BDB9A7C001CBCA2 /* Hikes */,
				6CE5106F2BDB9494001CBCA2 /* EditProfileView.swift */,
				6CE510852BDBA19A001CBCA2 /* ProfileDetail.swift */,
				6CE510892BDBA50D001CBCA2 /* ProfileHost.swift */,
			);
			path = Profile;
			sourceTree = "<group>";
		};
		6CE510712BDB9A7C001CBCA2 /* Hikes */ = {
			isa = PBXGroup;
			children = (
				6CE510722BDB9A8F001CBCA2 /* GraphCapsule.swift */,
				6CE510742BDB9AAD001CBCA2 /* HikeGraph.swift */,
				6CE510762BDB9ADC001CBCA2 /* HikeDetail.swift */,
				6CE510782BDB9B98001CBCA2 /* HikeView.swift */,
				6CE510872BDBA31B001CBCA2 /* HikeBadge.swift */,
			);
			path = Hikes;
			sourceTree = "<group>";
		};
		6CE5107A2BDB9F0D001CBCA2 /* Badges */ = {
			isa = PBXGroup;
			children = (
				6CE5107B2BDB9F24001CBCA2 /* HexagonParameters.swift */,
				6CE5107D2BDB9F39001CBCA2 /* BadgeBackground.swift */,
				6CE5107F2BDBA073001CBCA2 /* BadgeSymbol.swift */,
				6CE510812BDBA09C001CBCA2 /* RotatedBadgeSymbol.swift */,
				6CE510832BDBA14B001CBCA2 /* Badge.swift */,
			);
			path = Badges;
			sourceTree = "<group>";
		};
/* End PBXGroup section */

/* Begin PBXNativeTarget section */
		6CE5102F2BDA2CD6001CBCA2 /* LandmarksApp */ = {
			isa = PBXNativeTarget;
			buildConfigurationList = 6CE5103E2BDA2CD7001CBCA2 /* Build configuration list for PBXNativeTarget "LandmarksApp" */;
			buildPhases = (
				6CE5102C2BDA2CD6001CBCA2 /* Sources */,
				6CE5102D2BDA2CD6001CBCA2 /* Frameworks */,
				6CE5102E2BDA2CD6001CBCA2 /* Resources */,
			);
			buildRules = (
			);
			dependencies = (
			);
			name = LandmarksApp;
			productName = LandmarksApp;
			productReference = 6CE510302BDA2CD6001CBCA2 /* LandmarksApp.app */;
			productType = "com.apple.product-type.application";
		};
/* End PBXNativeTarget section */

/* Begin PBXProject section */
		6CE510282BDA2CD6001CBCA2 /* Project object */ = {
			isa = PBXProject;
			attributes = {
				BuildIndependentTargetsInParallel = 1;
				LastSwiftUpdateCheck = 1500;
				LastUpgradeCheck = 1500;
				TargetAttributes = {
					6CE5102F2BDA2CD6001CBCA2 = {
						CreatedOnToolsVersion = 15.0.1;
					};
				};
			};
			buildConfigurationList = 6CE5102B2BDA2CD6001CBCA2 /* Build configuration list for PBXProject "LandmarksApp" */;
			compatibilityVersion = "Xcode 14.0";
			developmentRegion = en;
			hasScannedForEncodings = 0;
			knownRegions = (
				en,
				Base,
			);
			mainGroup = 6CE510272BDA2CD6001CBCA2;
			productRefGroup = 6CE510312BDA2CD6001CBCA2 /* Products */;
			projectDirPath = "";
			projectRoot = "";
			targets = (
				6CE5102F2BDA2CD6001CBCA2 /* LandmarksApp */,
			);
		};
/* End PBXProject section */

/* Begin PBXResourcesBuildPhase section */
		6CE5102E2BDA2CD6001CBCA2 /* Resources */ = {
			isa = PBXResourcesBuildPhase;
			buildActionMask = 2147483647;
			files = (
				6CE510452BDA3FA6001CBCA2 /* hikeData.json in Resources */,
				6CE5103B2BDA2CD7001CBCA2 /* Preview Assets.xcassets in Resources */,
				6CE510382BDA2CD7001CBCA2 /* Assets.xcassets in Resources */,
				6CE510442BDA3FA6001CBCA2 /* landmarkData.json in Resources */,
			);
			runOnlyForDeploymentPostprocessing = 0;
		};
/* End PBXResourcesBuildPhase section */

/* Begin PBXSourcesBuildPhase section */
		6CE5102C2BDA2CD6001CBCA2 /* Sources */ = {
			isa = PBXSourcesBuildPhase;
			buildActionMask = 2147483647;
			files = (
				6CE5107C2BDB9F24001CBCA2 /* HexagonParameters.swift in Sources */,
				6CE510732BDB9A8F001CBCA2 /* GraphCapsule.swift in Sources */,
				6CE510822BDBA09C001CBCA2 /* RotatedBadgeSymbol.swift in Sources */,
				6CE5104C2BDB1008001CBCA2 /* Hike.swift in Sources */,
				6CE510602BDB374E001CBCA2 /* MapView.swift in Sources */,
				6CE510692BDB4B6B001CBCA2 /* FeatureCard.swift in Sources */,
				6CE510802BDBA073001CBCA2 /* BadgeSymbol.swift in Sources */,
				6CE510752BDB9AAD001CBCA2 /* HikeGraph.swift in Sources */,
				6CE5108A2BDBA50D001CBCA2 /* ProfileHost.swift in Sources */,
				6CE5104E2BDB12A3001CBCA2 /* Profile.swift in Sources */,
				6CE510622BDB4041001CBCA2 /* CircleImage.swift in Sources */,
				6CE510882BDBA31B001CBCA2 /* HikeBadge.swift in Sources */,
				6CE510772BDB9ADC001CBCA2 /* HikeDetail.swift in Sources */,
				6CE5105B2BDB293B001CBCA2 /* CategoryRow.swift in Sources */,
				6CE510672BDB47E1001CBCA2 /* PageControl.swift in Sources */,
				6CE510512BDB1581001CBCA2 /* ContentView.swift in Sources */,
				6CE510552BDB17F1001CBCA2 /* LandmarkList.swift in Sources */,
				6CE510592BDB1ACA001CBCA2 /* CategoryItem.swift in Sources */,
				6CE510572BDB1832001CBCA2 /* CategoryHome.swift in Sources */,
				6CE5104A2BDB0D88001CBCA2 /* ModelData.swift in Sources */,
				6CE510792BDB9B98001CBCA2 /* HikeView.swift in Sources */,
				6CE510342BDA2CD6001CBCA2 /* LandmarksAppApp.swift in Sources */,
				6CE5107E2BDB9F39001CBCA2 /* BadgeBackground.swift in Sources */,
				6CE510842BDBA14C001CBCA2 /* Badge.swift in Sources */,
				6CE510702BDB9494001CBCA2 /* EditProfileView.swift in Sources */,
				6CE510642BDB40C8001CBCA2 /* FavoriteButton.swift in Sources */,
				6CE510482BDB0A78001CBCA2 /* Landmark.swift in Sources */,
				6CE5106D2BDB4F85001CBCA2 /* PageViewController.swift in Sources */,
				6CE510862BDBA19A001CBCA2 /* ProfileDetail.swift in Sources */,
				6CE5106B2BDB4D51001CBCA2 /* PageView.swift in Sources */,
				6CE5105D2BDB2CCC001CBCA2 /* LandmarkDetail.swift in Sources */,
			);
			runOnlyForDeploymentPostprocessing = 0;
		};
/* End PBXSourcesBuildPhase section */

/* Begin XCBuildConfiguration section */
		6CE5103C2BDA2CD7001CBCA2 /* Debug */ = {
			isa = XCBuildConfiguration;
			buildSettings = {
				ALWAYS_SEARCH_USER_PATHS = NO;
				ASSETCATALOG_COMPILER_GENERATE_SWIFT_ASSET_SYMBOL_EXTENSIONS = YES;
				CLANG_ANALYZER_NONNULL = YES;
				CLANG_ANALYZER_NUMBER_OBJECT_CONVERSION = YES_AGGRESSIVE;
				CLANG_CXX_LANGUAGE_STANDARD = "gnu++20";
				CLANG_ENABLE_MODULES = YES;
				CLANG_ENABLE_OBJC_ARC = YES;
				CLANG_ENABLE_OBJC_WEAK = YES;
				CLANG_WARN_BLOCK_CAPTURE_AUTORELEASING = YES;
				CLANG_WARN_BOOL_CONVERSION = YES;
				CLANG_WARN_COMMA = YES;
				CLANG_WARN_CONSTANT_CONVERSION = YES;
				CLANG_WARN_DEPRECATED_OBJC_IMPLEMENTATIONS = YES;
				CLANG_WARN_DIRECT_OBJC_ISA_USAGE = YES_ERROR;
				CLANG_WARN_DOCUMENTATION_COMMENTS = YES;
				CLANG_WARN_EMPTY_BODY = YES;
				CLANG_WARN_ENUM_CONVERSION = YES;
				CLANG_WARN_INFINITE_RECURSION = YES;
				CLANG_WARN_INT_CONVERSION = YES;
				CLANG_WARN_NON_LITERAL_NULL_CONVERSION = YES;
				CLANG_WARN_OBJC_IMPLICIT_RETAIN_SELF = YES;
				CLANG_WARN_OBJC_LITERAL_CONVERSION = YES;
				CLANG_WARN_OBJC_ROOT_CLASS = YES_ERROR;
				CLANG_WARN_QUOTED_INCLUDE_IN_FRAMEWORK_HEADER = YES;
				CLANG_WARN_RANGE_LOOP_ANALYSIS = YES;
				CLANG_WARN_STRICT_PROTOTYPES = YES;
				CLANG_WARN_SUSPICIOUS_MOVE = YES;
				CLANG_WARN_UNGUARDED_AVAILABILITY = YES_AGGRESSIVE;
				CLANG_WARN_UNREACHABLE_CODE = YES;
				CLANG_WARN__DUPLICATE_METHOD_MATCH = YES;
				COPY_PHASE_STRIP = NO;
				DEBUG_INFORMATION_FORMAT = dwarf;
				ENABLE_STRICT_OBJC_MSGSEND = YES;
				ENABLE_TESTABILITY = YES;
				ENABLE_USER_SCRIPT_SANDBOXING = YES;
				GCC_C_LANGUAGE_STANDARD = gnu17;
				GCC_DYNAMIC_NO_PIC = NO;
				GCC_NO_COMMON_BLOCKS = YES;
				GCC_OPTIMIZATION_LEVEL = 0;
				GCC_PREPROCESSOR_DEFINITIONS = (
					"DEBUG=1",
					"$(inherited)",
				);
				GCC_WARN_64_TO_32_BIT_CONVERSION = YES;
				GCC_WARN_ABOUT_RETURN_TYPE = YES_ERROR;
				GCC_WARN_UNDECLARED_SELECTOR = YES;
				GCC_WARN_UNINITIALIZED_AUTOS = YES_AGGRESSIVE;
				GCC_WARN_UNUSED_FUNCTION = YES;
				GCC_WARN_UNUSED_VARIABLE = YES;
				IPHONEOS_DEPLOYMENT_TARGET = 17.0;
				LOCALIZATION_PREFERS_STRING_CATALOGS = YES;
				MTL_ENABLE_DEBUG_INFO = INCLUDE_SOURCE;
				MTL_FAST_MATH = YES;
				ONLY_ACTIVE_ARCH = YES;
				SDKROOT = iphoneos;
				SWIFT_ACTIVE_COMPILATION_CONDITIONS = "DEBUG $(inherited)";
				SWIFT_OPTIMIZATION_LEVEL = "-Onone";
			};
			name = Debug;
		};
		6CE5103D2BDA2CD7001CBCA2 /* Release */ = {
			isa = XCBuildConfiguration;
			buildSettings = {
				ALWAYS_SEARCH_USER_PATHS = NO;
				ASSETCATALOG_COMPILER_GENERATE_SWIFT_ASSET_SYMBOL_EXTENSIONS = YES;
				CLANG_ANALYZER_NONNULL = YES;
				CLANG_ANALYZER_NUMBER_OBJECT_CONVERSION = YES_AGGRESSIVE;
				CLANG_CXX_LANGUAGE_STANDARD = "gnu++20";
				CLANG_ENABLE_MODULES = YES;
				CLANG_ENABLE_OBJC_ARC = YES;
				CLANG_ENABLE_OBJC_WEAK = YES;
				CLANG_WARN_BLOCK_CAPTURE_AUTORELEASING = YES;
				CLANG_WARN_BOOL_CONVERSION = YES;
				CLANG_WARN_COMMA = YES;
				CLANG_WARN_CONSTANT_CONVERSION = YES;
				CLANG_WARN_DEPRECATED_OBJC_IMPLEMENTATIONS = YES;
				CLANG_WARN_DIRECT_OBJC_ISA_USAGE = YES_ERROR;
				CLANG_WARN_DOCUMENTATION_COMMENTS = YES;
				CLANG_WARN_EMPTY_BODY = YES;
				CLANG_WARN_ENUM_CONVERSION = YES;
				CLANG_WARN_INFINITE_RECURSION = YES;
				CLANG_WARN_INT_CONVERSION = YES;
				CLANG_WARN_NON_LITERAL_NULL_CONVERSION = YES;
				CLANG_WARN_OBJC_IMPLICIT_RETAIN_SELF = YES;
				CLANG_WARN_OBJC_LITERAL_CONVERSION = YES;
				CLANG_WARN_OBJC_ROOT_CLASS = YES_ERROR;
				CLANG_WARN_QUOTED_INCLUDE_IN_FRAMEWORK_HEADER = YES;
				CLANG_WARN_RANGE_LOOP_ANALYSIS = YES;
				CLANG_WARN_STRICT_PROTOTYPES = YES;
				CLANG_WARN_SUSPICIOUS_MOVE = YES;
				CLANG_WARN_UNGUARDED_AVAILABILITY = YES_AGGRESSIVE;
				CLANG_WARN_UNREACHABLE_CODE = YES;
				CLANG_WARN__DUPLICATE_METHOD_MATCH = YES;
				COPY_PHASE_STRIP = NO;
				DEBUG_INFORMATION_FORMAT = "dwarf-with-dsym";
				ENABLE_NS_ASSERTIONS = NO;
				ENABLE_STRICT_OBJC_MSGSEND = YES;
				ENABLE_USER_SCRIPT_SANDBOXING = YES;
				GCC_C_LANGUAGE_STANDARD = gnu17;
				GCC_NO_COMMON_BLOCKS = YES;
				GCC_WARN_64_TO_32_BIT_CONVERSION = YES;
				GCC_WARN_ABOUT_RETURN_TYPE = YES_ERROR;
				GCC_WARN_UNDECLARED_SELECTOR = YES;
				GCC_WARN_UNINITIALIZED_AUTOS = YES_AGGRESSIVE;
				GCC_WARN_UNUSED_FUNCTION = YES;
				GCC_WARN_UNUSED_VARIABLE = YES;
				IPHONEOS_DEPLOYMENT_TARGET = 17.0;
				LOCALIZATION_PREFERS_STRING_CATALOGS = YES;
				MTL_ENABLE_DEBUG_INFO = NO;
				MTL_FAST_MATH = YES;
				SDKROOT = iphoneos;
				SWIFT_COMPILATION_MODE = wholemodule;
				VALIDATE_PRODUCT = YES;
			};
			name = Release;
		};
		6CE5103F2BDA2CD7001CBCA2 /* Debug */ = {
			isa = XCBuildConfiguration;
			buildSettings = {
				ASSETCATALOG_COMPILER_APPICON_NAME = AppIcon;
				ASSETCATALOG_COMPILER_GLOBAL_ACCENT_COLOR_NAME = AccentColor;
				CODE_SIGN_STYLE = Automatic;
				CURRENT_PROJECT_VERSION = 1;
				DEVELOPMENT_ASSET_PATHS = "\"LandmarksApp/Preview Content\"";
				DEVELOPMENT_TEAM = SJM6GRJ299;
				ENABLE_PREVIEWS = YES;
				GENERATE_INFOPLIST_FILE = YES;
				INFOPLIST_KEY_UIApplicationSceneManifest_Generation = YES;
				INFOPLIST_KEY_UIApplicationSupportsIndirectInputEvents = YES;
				INFOPLIST_KEY_UILaunchScreen_Generation = YES;
				INFOPLIST_KEY_UISupportedInterfaceOrientations_iPad = "UIInterfaceOrientationPortrait UIInterfaceOrientationPortraitUpsideDown UIInterfaceOrientationLandscapeLeft UIInterfaceOrientationLandscapeRight";
				INFOPLIST_KEY_UISupportedInterfaceOrientations_iPhone = "UIInterfaceOrientationPortrait UIInterfaceOrientationLandscapeLeft UIInterfaceOrientationLandscapeRight";
				LD_RUNPATH_SEARCH_PATHS = (
					"$(inherited)",
					"@executable_path/Frameworks",
				);
				MARKETING_VERSION = 1.0;
				PRODUCT_BUNDLE_IDENTIFIER = jovins.cn.LandmarksApp;
				PRODUCT_NAME = "$(TARGET_NAME)";
				SWIFT_EMIT_LOC_STRINGS = YES;
				SWIFT_VERSION = 5.0;
				TARGETED_DEVICE_FAMILY = "1,2";
			};
			name = Debug;
		};
		6CE510402BDA2CD7001CBCA2 /* Release */ = {
			isa = XCBuildConfiguration;
			buildSettings = {
				ASSETCATALOG_COMPILER_APPICON_NAME = AppIcon;
				ASSETCATALOG_COMPILER_GLOBAL_ACCENT_COLOR_NAME = AccentColor;
				CODE_SIGN_STYLE = Automatic;
				CURRENT_PROJECT_VERSION = 1;
				DEVELOPMENT_ASSET_PATHS = "\"LandmarksApp/Preview Content\"";
				DEVELOPMENT_TEAM = SJM6GRJ299;
				ENABLE_PREVIEWS = YES;
				GENERATE_INFOPLIST_FILE = YES;
				INFOPLIST_KEY_UIApplicationSceneManifest_Generation = YES;
				INFOPLIST_KEY_UIApplicationSupportsIndirectInputEvents = YES;
				INFOPLIST_KEY_UILaunchScreen_Generation = YES;
				INFOPLIST_KEY_UISupportedInterfaceOrientations_iPad = "UIInterfaceOrientationPortrait UIInterfaceOrientationPortraitUpsideDown UIInterfaceOrientationLandscapeLeft UIInterfaceOrientationLandscapeRight";
				INFOPLIST_KEY_UISupportedInterfaceOrientations_iPhone = "UIInterfaceOrientationPortrait UIInterfaceOrientationLandscapeLeft UIInterfaceOrientationLandscapeRight";
				LD_RUNPATH_SEARCH_PATHS = (
					"$(inherited)",
					"@executable_path/Frameworks",
				);
				MARKETING_VERSION = 1.0;
				PRODUCT_BUNDLE_IDENTIFIER = jovins.cn.LandmarksApp;
				PRODUCT_NAME = "$(TARGET_NAME)";
				SWIFT_EMIT_LOC_STRINGS = YES;
				SWIFT_VERSION = 5.0;
				TARGETED_DEVICE_FAMILY = "1,2";
			};
			name = Release;
		};
/* End XCBuildConfiguration section */

/* Begin XCConfigurationList section */
		6CE5102B2BDA2CD6001CBCA2 /* Build configuration list for PBXProject "LandmarksApp" */ = {
			isa = XCConfigurationList;
			buildConfigurations = (
				6CE5103C2BDA2CD7001CBCA2 /* Debug */,
				6CE5103D2BDA2CD7001CBCA2 /* Release */,
			);
			defaultConfigurationIsVisible = 0;
			defaultConfigurationName = Release;
		};
		6CE5103E2BDA2CD7001CBCA2 /* Build configuration list for PBXNativeTarget "LandmarksApp" */ = {
			isa = XCConfigurationList;
			buildConfigurations = (
				6CE5103F2BDA2CD7001CBCA2 /* Debug */,
				6CE510402BDA2CD7001CBCA2 /* Release */,
			);
			defaultConfigurationIsVisible = 0;
			defaultConfigurationName = Release;
		};
/* End XCConfigurationList section */
	};
	rootObject = 6CE510282BDA2CD6001CBCA2 /* Project object */;
}
